
Microsoft Visual Studio Solution File, Format Version 12.00
# Visual Studio 2012
Project("{FAE04EC0-301F-11D3-BF4B-00C04F79EFBC}") = "WinStudio.Track.Models", "models\WinStudio.Track.Models\WinStudio.Track.Models.csproj", "{9B4371DC-A4F7-431D-B1E9-CB39C7D52508}"
EndProject
Project("{FAE04EC0-301F-11D3-BF4B-00C04F79EFBC}") = "WinStudio.Track.Web", "web\WinStudio.Track.Web\WinStudio.Track.Web.csproj", "{2D57AFBF-54B7-493F-8FBF-A585642B8C9B}"
EndProject
Project("{FAE04EC0-301F-11D3-BF4B-00C04F79EFBC}") = "WinStudio.Track.Framework.Core", "framework\WinStudio.Track.Framework.Core\WinStudio.Track.Framework.Core.csproj", "{94CEA1D8-2D75-410C-8140-B97A74B52B15}"
EndProject
Project("{2150E333-8FDC-42A3-9474-1A3956D46DE8}") = "busiserv", "busiserv", "{08A593E0-254F-4F72-9C53-075EC9693332}"
EndProject
Project("{FAE04EC0-301F-11D3-BF4B-00C04F79EFBC}") = "WinStudio.Track.Models.Authentication", "models\WinStudio.Track.Models.Authentication\WinStudio.Track.Models.Authentication.csproj", "{5096E63C-145D-4FD2-9B95-BBEE343A6BB7}"
EndProject
Project("{2150E333-8FDC-42A3-9474-1A3956D46DE8}") = "permission", "permission", "{D0D2262B-ACEB-4A82-9D9A-CAC76430CFCA}"
EndProject
Project("{2150E333-8FDC-42A3-9474-1A3956D46DE8}") = "track", "track", "{999619B6-002E-4905-903C-178DBCE594B4}"
EndProject
Project("{FAE04EC0-301F-11D3-BF4B-00C04F79EFBC}") = "WinStudio.Permission.Web", "..\permission\WinStudio.Permission.Web\WinStudio.Permission.Web.csproj", "{4F3BB926-2530-4273-B871-5F573CDC2234}"
EndProject
Project("{FAE04EC0-301F-11D3-BF4B-00C04F79EFBC}") = "WinStudio.Permission.Web.Controllers", "..\permission\WinStudio.Permission.Web.Controllers\WinStudio.Permission.Web.Controllers.csproj", "{032EBF53-5D1E-4169-A807-0B156DFD582D}"
EndProject
Project("{FAE04EC0-301F-11D3-BF4B-00C04F79EFBC}") = "WinStudio.Permission.Models", "..\permission\WinStudio.Permission.Models\WinStudio.Permission.Models.csproj", "{FEA95AE7-4CD8-4B64-8F21-86706DC14AB7}"
EndProject
Project("{FAE04EC0-301F-11D3-BF4B-00C04F79EFBC}") = "WinStudio.Permission.Principle", "..\permission\WinStudio.Permission.Principle\WinStudio.Permission.Principle.csproj", "{9A295C91-6DD2-4306-A2EA-C907B82D8B83}"
EndProject
Project("{FAE04EC0-301F-11D3-BF4B-00C04F79EFBC}") = "WinStudio.Permission.Principle.Mvc", "..\permission\WinStudio.Permission.Principle.Mvc\WinStudio.Permission.Principle.Mvc.csproj", "{06EC2B04-C0F1-44DF-854D-4748F8C48A3B}"
EndProject
Project("{FAE04EC0-301F-11D3-BF4B-00C04F79EFBC}") = "WinStudio.Permission.Principle.Mvc.Generator", "..\permission\WinStudio.Permission.Principle.Mvc.Generator\WinStudio.Permission.Principle.Mvc.Generator.csproj", "{FBB60CDE-D12D-4302-AE29-17F8E567DB62}"
EndProject
Project("{FAE04EC0-301F-11D3-BF4B-00C04F79EFBC}") = "WinStudio.Framework.Web", "..\framework\WinStudio.Framework.Web\WinStudio.Framework.Web.csproj", "{83A9641A-E4C1-4538-9162-6CC03A7CCA23}"
EndProject
Project("{FAE04EC0-301F-11D3-BF4B-00C04F79EFBC}") = "WinStudio.Framework.EFModels", "..\framework\WinStudio.Framework.EFModels\WinStudio.Framework.EFModels.csproj", "{75CDCED6-DEC0-4F14-B9A8-DD4F1ED96942}"
EndProject
Project("{2150E333-8FDC-42A3-9474-1A3956D46DE8}") = "framework", "framework", "{8BE639DB-1EA8-471D-8E37-4E081159490A}"
EndProject
Project("{FAE04EC0-301F-11D3-BF4B-00C04F79EFBC}") = "WinStudio.Permission.Common.Framework", "..\permission\WinStudio.Permission.Common.Framework\WinStudio.Permission.Common.Framework.csproj", "{8F078F5D-4E92-4DFF-870E-6B5A6350178B}"
EndProject
Project("{2150E333-8FDC-42A3-9474-1A3956D46DE8}") = "passport", "passport", "{881CB69E-A0E1-44E8-933C-C81358421DB2}"
EndProject
Project("{FAE04EC0-301F-11D3-BF4B-00C04F79EFBC}") = "WinStudio.Passport", "..\passport\WinStudio.Passport\WinStudio.Passport.csproj", "{D3C3786D-888E-4600-97D0-D33814C1DA02}"
EndProject
Project("{FAE04EC0-301F-11D3-BF4B-00C04F79EFBC}") = "WinStudio.Passport.Core", "..\passport\WinStudio.Passport.Core\WinStudio.Passport.Core.csproj", "{80309B5C-D561-4491-B76E-9E634E7025AE}"
EndProject
Project("{FAE04EC0-301F-11D3-BF4B-00C04F79EFBC}") = "WinStudio.Passport.Models", "..\passport\WinStudio.Passport.Models\WinStudio.Passport.Models.csproj", "{69BE90C5-D790-4E09-A617-445D89F52B0B}"
EndProject
Project("{FAE04EC0-301F-11D3-BF4B-00C04F79EFBC}") = "WinStudio.Passport.BusiService", "..\passport\WinStudio.Passport.BusiService\WinStudio.Passport.BusiService.csproj", "{58A17FA8-3991-4EFD-8013-A28CDE0CFF4D}"
EndProject
Project("{FAE04EC0-301F-11D3-BF4B-00C04F79EFBC}") = "WinStudio.Permission.TestDataInitializer", "..\permission\WinStudio.Permission.TestDataInitializer\WinStudio.Permission.TestDataInitializer.csproj", "{204FE560-22C8-4E98-B9F5-792B8250FAD1}"
EndProject
Project("{FAE04EC0-301F-11D3-BF4B-00C04F79EFBC}") = "WinStudio.Framework.Authentication", "..\framework\WinStudio.Framework.Authentication\WinStudio.Framework.Authentication.csproj", "{8DCB0902-B7C7-44BC-99A7-F0B69158E9E4}"
EndProject
Project("{FAE04EC0-301F-11D3-BF4B-00C04F79EFBC}") = "WinStudio.Permission.BusiServices", "..\permission\WinStudio.Permission.BusiServices\WinStudio.Permission.BusiServices.csproj", "{C26FDA07-4F64-4D60-BFE4-D23C7970A21D}"
EndProject
Project("{FAE04EC0-301F-11D3-BF4B-00C04F79EFBC}") = "WinStudio.MongoDB.IRepository", "..\..\mongo\WinStudio.MongoDB.IRepository\WinStudio.MongoDB.IRepository.csproj", "{FF23DB31-EA90-4CD8-B88C-7B053AE2AAEF}"
EndProject
Project("{2150E333-8FDC-42A3-9474-1A3956D46DE8}") = "customer", "customer", "{F1EF6543-2975-4EEB-80BF-4421F1B3CDA4}"
EndProject
Project("{2150E333-8FDC-42A3-9474-1A3956D46DE8}") = "ibusiservice", "ibusiservice", "{98C21D16-E182-4579-906A-0E49944ED131}"
EndProject
Project("{FAE04EC0-301F-11D3-BF4B-00C04F79EFBC}") = "WinStudio.Track.IBusiService", "busiserv\interfaces\WinStudio.Track.IBusiService\WinStudio.Track.IBusiService.csproj", "{85AE9047-5AB9-4579-A782-59659D946E7C}"
EndProject
Project("{FAE04EC0-301F-11D3-BF4B-00C04F79EFBC}") = "WinStudio.Track.CustomerBusiService", "busiserv\customer\WinStudio.Track.CustomerBusiService\WinStudio.Track.CustomerBusiService.csproj", "{1B59281D-3901-42B5-AE12-17ACBF4A52FA}"
EndProject
Project("{FAE04EC0-301F-11D3-BF4B-00C04F79EFBC}") = "WinStudio.Track.TimeLineBusiService", "busiserv\timeline\WinStudio.Track.TimeLineBusiService\WinStudio.Track.TimeLineBusiService.csproj", "{D3977BBF-6125-455F-A335-E50C8BB5B2F0}"
EndProject
Project("{FAE04EC0-301F-11D3-BF4B-00C04F79EFBC}") = "WinStudio.MongoDB.Repository", "..\..\mongo\WinStudio.MongoDB.Repository\WinStudio.MongoDB.Repository.csproj", "{5C3060EB-D99D-46F9-B7F0-ECD27EF26608}"
EndProject
Project("{2150E333-8FDC-42A3-9474-1A3956D46DE8}") = "setup", "setup", "{6F451733-751A-46EF-9AB8-65F443191381}"
EndProject
Project("{FAE04EC0-301F-11D3-BF4B-00C04F79EFBC}") = "AutofacAutoResolver", "..\..\autofac\AutofacAutoResolver\AutofacAutoResolver.csproj", "{DDD9F53B-0E35-4DB3-8392-5FFD725E96E5}"
EndProject
Project("{FAE04EC0-301F-11D3-BF4B-00C04F79EFBC}") = "WinStudio.Track.Web.Controllers", "web\WinStudio.Track.Web.Controllers\WinStudio.Track.Web.Controllers.csproj", "{C3894011-E624-4666-A510-E8CD2852D20D}"
EndProject
Project("{2150E333-8FDC-42A3-9474-1A3956D46DE8}") = "itrip", "itrip", "{100B20CC-CADD-49A4-9028-EB15B00010D8}"
EndProject
Project("{FAE04EC0-301F-11D3-BF4B-00C04F79EFBC}") = "WinStudio.iTrip.Models", "..\itrip\WinStudio.iTrip.Models\WinStudio.iTrip.Models.csproj", "{934FA89C-A98A-47A8-AF68-F8DA2E86BD72}"
EndProject
Project("{FAE04EC0-301F-11D3-BF4B-00C04F79EFBC}") = "WinStudio.iTrip.Core", "..\itrip\WinStudio.iTrip.Core\WinStudio.iTrip.Core.csproj", "{BB88F23E-66F6-405D-B925-B637BBD18750}"
EndProject
Project("{FAE04EC0-301F-11D3-BF4B-00C04F79EFBC}") = "WinStudio.iTrip.Web", "..\itrip\WinStudio.iTrip.Web\WinStudio.iTrip.Web.csproj", "{874BC4DB-F271-4988-9D14-8DF36CE2C31D}"
EndProject
Global
	GlobalSection(SolutionConfigurationPlatforms) = preSolution
		CD_ROM|Any CPU = CD_ROM|Any CPU
		Debug|Any CPU = Debug|Any CPU
		DVD-5|Any CPU = DVD-5|Any CPU
		Release|Any CPU = Release|Any CPU
		SingleImage|Any CPU = SingleImage|Any CPU
	EndGlobalSection
	GlobalSection(ProjectConfigurationPlatforms) = postSolution
		{9B4371DC-A4F7-431D-B1E9-CB39C7D52508}.CD_ROM|Any CPU.ActiveCfg = Release|Any CPU
		{9B4371DC-A4F7-431D-B1E9-CB39C7D52508}.CD_ROM|Any CPU.Build.0 = Release|Any CPU
		{9B4371DC-A4F7-431D-B1E9-CB39C7D52508}.Debug|Any CPU.ActiveCfg = Debug|Any CPU
		{9B4371DC-A4F7-431D-B1E9-CB39C7D52508}.Debug|Any CPU.Build.0 = Debug|Any CPU
		{9B4371DC-A4F7-431D-B1E9-CB39C7D52508}.DVD-5|Any CPU.ActiveCfg = Debug|Any CPU
		{9B4371DC-A4F7-431D-B1E9-CB39C7D52508}.DVD-5|Any CPU.Build.0 = Debug|Any CPU
		{9B4371DC-A4F7-431D-B1E9-CB39C7D52508}.Release|Any CPU.ActiveCfg = Release|Any CPU
		{9B4371DC-A4F7-431D-B1E9-CB39C7D52508}.Release|Any CPU.Build.0 = Release|Any CPU
		{9B4371DC-A4F7-431D-B1E9-CB39C7D52508}.SingleImage|Any CPU.ActiveCfg = Release|Any CPU
		{9B4371DC-A4F7-431D-B1E9-CB39C7D52508}.SingleImage|Any CPU.Build.0 = Release|Any CPU
		{2D57AFBF-54B7-493F-8FBF-A585642B8C9B}.CD_ROM|Any CPU.ActiveCfg = Release|Any CPU
		{2D57AFBF-54B7-493F-8FBF-A585642B8C9B}.CD_ROM|Any CPU.Build.0 = Release|Any CPU
		{2D57AFBF-54B7-493F-8FBF-A585642B8C9B}.Debug|Any CPU.ActiveCfg = Debug|Any CPU
		{2D57AFBF-54B7-493F-8FBF-A585642B8C9B}.Debug|Any CPU.Build.0 = Debug|Any CPU
		{2D57AFBF-54B7-493F-8FBF-A585642B8C9B}.DVD-5|Any CPU.ActiveCfg = Debug|Any CPU
		{2D57AFBF-54B7-493F-8FBF-A585642B8C9B}.DVD-5|Any CPU.Build.0 = Debug|Any CPU
		{2D57AFBF-54B7-493F-8FBF-A585642B8C9B}.Release|Any CPU.ActiveCfg = Release|Any CPU
		{2D57AFBF-54B7-493F-8FBF-A585642B8C9B}.Release|Any CPU.Build.0 = Release|Any CPU
		{2D57AFBF-54B7-493F-8FBF-A585642B8C9B}.SingleImage|Any CPU.ActiveCfg = Release|Any CPU
		{2D57AFBF-54B7-493F-8FBF-A585642B8C9B}.SingleImage|Any CPU.Build.0 = Release|Any CPU
		{94CEA1D8-2D75-410C-8140-B97A74B52B15}.CD_ROM|Any CPU.ActiveCfg = Release|Any CPU
		{94CEA1D8-2D75-410C-8140-B97A74B52B15}.CD_ROM|Any CPU.Build.0 = Release|Any CPU
		{94CEA1D8-2D75-410C-8140-B97A74B52B15}.Debug|Any CPU.ActiveCfg = Debug|Any CPU
		{94CEA1D8-2D75-410C-8140-B97A74B52B15}.Debug|Any CPU.Build.0 = Debug|Any CPU
		{94CEA1D8-2D75-410C-8140-B97A74B52B15}.DVD-5|Any CPU.ActiveCfg = Debug|Any CPU
		{94CEA1D8-2D75-410C-8140-B97A74B52B15}.DVD-5|Any CPU.Build.0 = Debug|Any CPU
		{94CEA1D8-2D75-410C-8140-B97A74B52B15}.Release|Any CPU.ActiveCfg = Release|Any CPU
		{94CEA1D8-2D75-410C-8140-B97A74B52B15}.Release|Any CPU.Build.0 = Release|Any CPU
		{94CEA1D8-2D75-410C-8140-B97A74B52B15}.SingleImage|Any CPU.ActiveCfg = Release|Any CPU
		{94CEA1D8-2D75-410C-8140-B97A74B52B15}.SingleImage|Any CPU.Build.0 = Release|Any CPU
		{5096E63C-145D-4FD2-9B95-BBEE343A6BB7}.CD_ROM|Any CPU.ActiveCfg = Release|Any CPU
		{5096E63C-145D-4FD2-9B95-BBEE343A6BB7}.CD_ROM|Any CPU.Build.0 = Release|Any CPU
		{5096E63C-145D-4FD2-9B95-BBEE343A6BB7}.Debug|Any CPU.ActiveCfg = Debug|Any CPU
		{5096E63C-145D-4FD2-9B95-BBEE343A6BB7}.Debug|Any CPU.Build.0 = Debug|Any CPU
		{5096E63C-145D-4FD2-9B95-BBEE343A6BB7}.DVD-5|Any CPU.ActiveCfg = Debug|Any CPU
		{5096E63C-145D-4FD2-9B95-BBEE343A6BB7}.DVD-5|Any CPU.Build.0 = Debug|Any CPU
		{5096E63C-145D-4FD2-9B95-BBEE343A6BB7}.Release|Any CPU.ActiveCfg = Release|Any CPU
		{5096E63C-145D-4FD2-9B95-BBEE343A6BB7}.Release|Any CPU.Build.0 = Release|Any CPU
		{5096E63C-145D-4FD2-9B95-BBEE343A6BB7}.SingleImage|Any CPU.ActiveCfg = Release|Any CPU
		{5096E63C-145D-4FD2-9B95-BBEE343A6BB7}.SingleImage|Any CPU.Build.0 = Release|Any CPU
		{4F3BB926-2530-4273-B871-5F573CDC2234}.CD_ROM|Any CPU.ActiveCfg = Release|Any CPU
		{4F3BB926-2530-4273-B871-5F573CDC2234}.CD_ROM|Any CPU.Build.0 = Release|Any CPU
		{4F3BB926-2530-4273-B871-5F573CDC2234}.Debug|Any CPU.ActiveCfg = Debug|Any CPU
		{4F3BB926-2530-4273-B871-5F573CDC2234}.Debug|Any CPU.Build.0 = Debug|Any CPU
		{4F3BB926-2530-4273-B871-5F573CDC2234}.DVD-5|Any CPU.ActiveCfg = Debug|Any CPU
		{4F3BB926-2530-4273-B871-5F573CDC2234}.DVD-5|Any CPU.Build.0 = Debug|Any CPU
		{4F3BB926-2530-4273-B871-5F573CDC2234}.Release|Any CPU.ActiveCfg = Release|Any CPU
		{4F3BB926-2530-4273-B871-5F573CDC2234}.Release|Any CPU.Build.0 = Release|Any CPU
		{4F3BB926-2530-4273-B871-5F573CDC2234}.SingleImage|Any CPU.ActiveCfg = Release|Any CPU
		{4F3BB926-2530-4273-B871-5F573CDC2234}.SingleImage|Any CPU.Build.0 = Release|Any CPU
		{032EBF53-5D1E-4169-A807-0B156DFD582D}.CD_ROM|Any CPU.ActiveCfg = Release|Any CPU
		{032EBF53-5D1E-4169-A807-0B156DFD582D}.CD_ROM|Any CPU.Build.0 = Release|Any CPU
		{032EBF53-5D1E-4169-A807-0B156DFD582D}.Debug|Any CPU.ActiveCfg = Debug|Any CPU
		{032EBF53-5D1E-4169-A807-0B156DFD582D}.Debug|Any CPU.Build.0 = Debug|Any CPU
		{032EBF53-5D1E-4169-A807-0B156DFD582D}.DVD-5|Any CPU.ActiveCfg = Debug|Any CPU
		{032EBF53-5D1E-4169-A807-0B156DFD582D}.DVD-5|Any CPU.Build.0 = Debug|Any CPU
		{032EBF53-5D1E-4169-A807-0B156DFD582D}.Release|Any CPU.ActiveCfg = Release|Any CPU
		{032EBF53-5D1E-4169-A807-0B156DFD582D}.Release|Any CPU.Build.0 = Release|Any CPU
		{032EBF53-5D1E-4169-A807-0B156DFD582D}.SingleImage|Any CPU.ActiveCfg = Release|Any CPU
		{032EBF53-5D1E-4169-A807-0B156DFD582D}.SingleImage|Any CPU.Build.0 = Release|Any CPU
		{FEA95AE7-4CD8-4B64-8F21-86706DC14AB7}.CD_ROM|Any CPU.ActiveCfg = Release|Any CPU
		{FEA95AE7-4CD8-4B64-8F21-86706DC14AB7}.CD_ROM|Any CPU.Build.0 = Release|Any CPU
		{FEA95AE7-4CD8-4B64-8F21-86706DC14AB7}.Debug|Any CPU.ActiveCfg = Debug|Any CPU
		{FEA95AE7-4CD8-4B64-8F21-86706DC14AB7}.Debug|Any CPU.Build.0 = Debug|Any CPU
		{FEA95AE7-4CD8-4B64-8F21-86706DC14AB7}.DVD-5|Any CPU.ActiveCfg = Debug|Any CPU
		{FEA95AE7-4CD8-4B64-8F21-86706DC14AB7}.DVD-5|Any CPU.Build.0 = Debug|Any CPU
		{FEA95AE7-4CD8-4B64-8F21-86706DC14AB7}.Release|Any CPU.ActiveCfg = Release|Any CPU
		{FEA95AE7-4CD8-4B64-8F21-86706DC14AB7}.Release|Any CPU.Build.0 = Release|Any CPU
		{FEA95AE7-4CD8-4B64-8F21-86706DC14AB7}.SingleImage|Any CPU.ActiveCfg = Release|Any CPU
		{FEA95AE7-4CD8-4B64-8F21-86706DC14AB7}.SingleImage|Any CPU.Build.0 = Release|Any CPU
		{9A295C91-6DD2-4306-A2EA-C907B82D8B83}.CD_ROM|Any CPU.ActiveCfg = Release|Any CPU
		{9A295C91-6DD2-4306-A2EA-C907B82D8B83}.CD_ROM|Any CPU.Build.0 = Release|Any CPU
		{9A295C91-6DD2-4306-A2EA-C907B82D8B83}.Debug|Any CPU.ActiveCfg = Debug|Any CPU
		{9A295C91-6DD2-4306-A2EA-C907B82D8B83}.Debug|Any CPU.Build.0 = Debug|Any CPU
		{9A295C91-6DD2-4306-A2EA-C907B82D8B83}.DVD-5|Any CPU.ActiveCfg = Debug|Any CPU
		{9A295C91-6DD2-4306-A2EA-C907B82D8B83}.DVD-5|Any CPU.Build.0 = Debug|Any CPU
		{9A295C91-6DD2-4306-A2EA-C907B82D8B83}.Release|Any CPU.ActiveCfg = Release|Any CPU
		{9A295C91-6DD2-4306-A2EA-C907B82D8B83}.Release|Any CPU.Build.0 = Release|Any CPU
		{9A295C91-6DD2-4306-A2EA-C907B82D8B83}.SingleImage|Any CPU.ActiveCfg = Release|Any CPU
		{9A295C91-6DD2-4306-A2EA-C907B82D8B83}.SingleImage|Any CPU.Build.0 = Release|Any CPU
		{06EC2B04-C0F1-44DF-854D-4748F8C48A3B}.CD_ROM|Any CPU.ActiveCfg = Release|Any CPU
		{06EC2B04-C0F1-44DF-854D-4748F8C48A3B}.CD_ROM|Any CPU.Build.0 = Release|Any CPU
		{06EC2B04-C0F1-44DF-854D-4748F8C48A3B}.Debug|Any CPU.ActiveCfg = Debug|Any CPU
		{06EC2B04-C0F1-44DF-854D-4748F8C48A3B}.Debug|Any CPU.Build.0 = Debug|Any CPU
		{06EC2B04-C0F1-44DF-854D-4748F8C48A3B}.DVD-5|Any CPU.ActiveCfg = Debug|Any CPU
		{06EC2B04-C0F1-44DF-854D-4748F8C48A3B}.DVD-5|Any CPU.Build.0 = Debug|Any CPU
		{06EC2B04-C0F1-44DF-854D-4748F8C48A3B}.Release|Any CPU.ActiveCfg = Release|Any CPU
		{06EC2B04-C0F1-44DF-854D-4748F8C48A3B}.Release|Any CPU.Build.0 = Release|Any CPU
		{06EC2B04-C0F1-44DF-854D-4748F8C48A3B}.SingleImage|Any CPU.ActiveCfg = Release|Any CPU
		{06EC2B04-C0F1-44DF-854D-4748F8C48A3B}.SingleImage|Any CPU.Build.0 = Release|Any CPU
		{FBB60CDE-D12D-4302-AE29-17F8E567DB62}.CD_ROM|Any CPU.ActiveCfg = Release|Any CPU
		{FBB60CDE-D12D-4302-AE29-17F8E567DB62}.CD_ROM|Any CPU.Build.0 = Release|Any CPU
		{FBB60CDE-D12D-4302-AE29-17F8E567DB62}.Debug|Any CPU.ActiveCfg = Debug|Any CPU
		{FBB60CDE-D12D-4302-AE29-17F8E567DB62}.Debug|Any CPU.Build.0 = Debug|Any CPU
		{FBB60CDE-D12D-4302-AE29-17F8E567DB62}.DVD-5|Any CPU.ActiveCfg = Debug|Any CPU
		{FBB60CDE-D12D-4302-AE29-17F8E567DB62}.DVD-5|Any CPU.Build.0 = Debug|Any CPU
		{FBB60CDE-D12D-4302-AE29-17F8E567DB62}.Release|Any CPU.ActiveCfg = Release|Any CPU
		{FBB60CDE-D12D-4302-AE29-17F8E567DB62}.Release|Any CPU.Build.0 = Release|Any CPU
		{FBB60CDE-D12D-4302-AE29-17F8E567DB62}.SingleImage|Any CPU.ActiveCfg = Release|Any CPU
		{FBB60CDE-D12D-4302-AE29-17F8E567DB62}.SingleImage|Any CPU.Build.0 = Release|Any CPU
		{83A9641A-E4C1-4538-9162-6CC03A7CCA23}.CD_ROM|Any CPU.ActiveCfg = Release|Any CPU
		{83A9641A-E4C1-4538-9162-6CC03A7CCA23}.CD_ROM|Any CPU.Build.0 = Release|Any CPU
		{83A9641A-E4C1-4538-9162-6CC03A7CCA23}.Debug|Any CPU.ActiveCfg = Debug|Any CPU
		{83A9641A-E4C1-4538-9162-6CC03A7CCA23}.Debug|Any CPU.Build.0 = Debug|Any CPU
		{83A9641A-E4C1-4538-9162-6CC03A7CCA23}.DVD-5|Any CPU.ActiveCfg = Debug|Any CPU
		{83A9641A-E4C1-4538-9162-6CC03A7CCA23}.DVD-5|Any CPU.Build.0 = Debug|Any CPU
		{83A9641A-E4C1-4538-9162-6CC03A7CCA23}.Release|Any CPU.ActiveCfg = Release|Any CPU
		{83A9641A-E4C1-4538-9162-6CC03A7CCA23}.Release|Any CPU.Build.0 = Release|Any CPU
		{83A9641A-E4C1-4538-9162-6CC03A7CCA23}.SingleImage|Any CPU.ActiveCfg = Release|Any CPU
		{83A9641A-E4C1-4538-9162-6CC03A7CCA23}.SingleImage|Any CPU.Build.0 = Release|Any CPU
		{75CDCED6-DEC0-4F14-B9A8-DD4F1ED96942}.CD_ROM|Any CPU.ActiveCfg = Release|Any CPU
		{75CDCED6-DEC0-4F14-B9A8-DD4F1ED96942}.CD_ROM|Any CPU.Build.0 = Release|Any CPU
		{75CDCED6-DEC0-4F14-B9A8-DD4F1ED96942}.Debug|Any CPU.ActiveCfg = Debug|Any CPU
		{75CDCED6-DEC0-4F14-B9A8-DD4F1ED96942}.Debug|Any CPU.Build.0 = Debug|Any CPU
		{75CDCED6-DEC0-4F14-B9A8-DD4F1ED96942}.DVD-5|Any CPU.ActiveCfg = Debug|Any CPU
		{75CDCED6-DEC0-4F14-B9A8-DD4F1ED96942}.DVD-5|Any CPU.Build.0 = Debug|Any CPU
		{75CDCED6-DEC0-4F14-B9A8-DD4F1ED96942}.Release|Any CPU.ActiveCfg = Release|Any CPU
		{75CDCED6-DEC0-4F14-B9A8-DD4F1ED96942}.Release|Any CPU.Build.0 = Release|Any CPU
		{75CDCED6-DEC0-4F14-B9A8-DD4F1ED96942}.SingleImage|Any CPU.ActiveCfg = Release|Any CPU
		{75CDCED6-DEC0-4F14-B9A8-DD4F1ED96942}.SingleImage|Any CPU.Build.0 = Release|Any CPU
		{8F078F5D-4E92-4DFF-870E-6B5A6350178B}.CD_ROM|Any CPU.ActiveCfg = Release|Any CPU
		{8F078F5D-4E92-4DFF-870E-6B5A6350178B}.CD_ROM|Any CPU.Build.0 = Release|Any CPU
		{8F078F5D-4E92-4DFF-870E-6B5A6350178B}.Debug|Any CPU.ActiveCfg = Debug|Any CPU
		{8F078F5D-4E92-4DFF-870E-6B5A6350178B}.Debug|Any CPU.Build.0 = Debug|Any CPU
		{8F078F5D-4E92-4DFF-870E-6B5A6350178B}.DVD-5|Any CPU.ActiveCfg = Debug|Any CPU
		{8F078F5D-4E92-4DFF-870E-6B5A6350178B}.DVD-5|Any CPU.Build.0 = Debug|Any CPU
		{8F078F5D-4E92-4DFF-870E-6B5A6350178B}.Release|Any CPU.ActiveCfg = Release|Any CPU
		{8F078F5D-4E92-4DFF-870E-6B5A6350178B}.Release|Any CPU.Build.0 = Release|Any CPU
		{8F078F5D-4E92-4DFF-870E-6B5A6350178B}.SingleImage|Any CPU.ActiveCfg = Release|Any CPU
		{8F078F5D-4E92-4DFF-870E-6B5A6350178B}.SingleImage|Any CPU.Build.0 = Release|Any CPU
		{D3C3786D-888E-4600-97D0-D33814C1DA02}.CD_ROM|Any CPU.ActiveCfg = Release|Any CPU
		{D3C3786D-888E-4600-97D0-D33814C1DA02}.CD_ROM|Any CPU.Build.0 = Release|Any CPU
		{D3C3786D-888E-4600-97D0-D33814C1DA02}.Debug|Any CPU.ActiveCfg = Debug|Any CPU
		{D3C3786D-888E-4600-97D0-D33814C1DA02}.Debug|Any CPU.Build.0 = Debug|Any CPU
		{D3C3786D-888E-4600-97D0-D33814C1DA02}.DVD-5|Any CPU.ActiveCfg = Debug|Any CPU
		{D3C3786D-888E-4600-97D0-D33814C1DA02}.DVD-5|Any CPU.Build.0 = Debug|Any CPU
		{D3C3786D-888E-4600-97D0-D33814C1DA02}.Release|Any CPU.ActiveCfg = Release|Any CPU
		{D3C3786D-888E-4600-97D0-D33814C1DA02}.Release|Any CPU.Build.0 = Release|Any CPU
		{D3C3786D-888E-4600-97D0-D33814C1DA02}.SingleImage|Any CPU.ActiveCfg = Release|Any CPU
		{D3C3786D-888E-4600-97D0-D33814C1DA02}.SingleImage|Any CPU.Build.0 = Release|Any CPU
		{80309B5C-D561-4491-B76E-9E634E7025AE}.CD_ROM|Any CPU.ActiveCfg = Release|Any CPU
		{80309B5C-D561-4491-B76E-9E634E7025AE}.CD_ROM|Any CPU.Build.0 = Release|Any CPU
		{80309B5C-D561-4491-B76E-9E634E7025AE}.Debug|Any CPU.ActiveCfg = Debug|Any CPU
		{80309B5C-D561-4491-B76E-9E634E7025AE}.Debug|Any CPU.Build.0 = Debug|Any CPU
		{80309B5C-D561-4491-B76E-9E634E7025AE}.DVD-5|Any CPU.ActiveCfg = Debug|Any CPU
		{80309B5C-D561-4491-B76E-9E634E7025AE}.DVD-5|Any CPU.Build.0 = Debug|Any CPU
		{80309B5C-D561-4491-B76E-9E634E7025AE}.Release|Any CPU.ActiveCfg = Release|Any CPU
		{80309B5C-D561-4491-B76E-9E634E7025AE}.Release|Any CPU.Build.0 = Release|Any CPU
		{80309B5C-D561-4491-B76E-9E634E7025AE}.SingleImage|Any CPU.ActiveCfg = Release|Any CPU
		{80309B5C-D561-4491-B76E-9E634E7025AE}.SingleImage|Any CPU.Build.0 = Release|Any CPU
		{69BE90C5-D790-4E09-A617-445D89F52B0B}.CD_ROM|Any CPU.ActiveCfg = Release|Any CPU
		{69BE90C5-D790-4E09-A617-445D89F52B0B}.CD_ROM|Any CPU.Build.0 = Release|Any CPU
		{69BE90C5-D790-4E09-A617-445D89F52B0B}.Debug|Any CPU.ActiveCfg = Debug|Any CPU
		{69BE90C5-D790-4E09-A617-445D89F52B0B}.Debug|Any CPU.Build.0 = Debug|Any CPU
		{69BE90C5-D790-4E09-A617-445D89F52B0B}.DVD-5|Any CPU.ActiveCfg = Debug|Any CPU
		{69BE90C5-D790-4E09-A617-445D89F52B0B}.DVD-5|Any CPU.Build.0 = Debug|Any CPU
		{69BE90C5-D790-4E09-A617-445D89F52B0B}.Release|Any CPU.ActiveCfg = Release|Any CPU
		{69BE90C5-D790-4E09-A617-445D89F52B0B}.Release|Any CPU.Build.0 = Release|Any CPU
		{69BE90C5-D790-4E09-A617-445D89F52B0B}.SingleImage|Any CPU.ActiveCfg = Release|Any CPU
		{69BE90C5-D790-4E09-A617-445D89F52B0B}.SingleImage|Any CPU.Build.0 = Release|Any CPU
		{58A17FA8-3991-4EFD-8013-A28CDE0CFF4D}.CD_ROM|Any CPU.ActiveCfg = Release|Any CPU
		{58A17FA8-3991-4EFD-8013-A28CDE0CFF4D}.CD_ROM|Any CPU.Build.0 = Release|Any CPU
		{58A17FA8-3991-4EFD-8013-A28CDE0CFF4D}.Debug|Any CPU.ActiveCfg = Debug|Any CPU
		{58A17FA8-3991-4EFD-8013-A28CDE0CFF4D}.Debug|Any CPU.Build.0 = Debug|Any CPU
		{58A17FA8-3991-4EFD-8013-A28CDE0CFF4D}.DVD-5|Any CPU.ActiveCfg = Debug|Any CPU
		{58A17FA8-3991-4EFD-8013-A28CDE0CFF4D}.DVD-5|Any CPU.Build.0 = Debug|Any CPU
		{58A17FA8-3991-4EFD-8013-A28CDE0CFF4D}.Release|Any CPU.ActiveCfg = Release|Any CPU
		{58A17FA8-3991-4EFD-8013-A28CDE0CFF4D}.Release|Any CPU.Build.0 = Release|Any CPU
		{58A17FA8-3991-4EFD-8013-A28CDE0CFF4D}.SingleImage|Any CPU.ActiveCfg = Release|Any CPU
		{58A17FA8-3991-4EFD-8013-A28CDE0CFF4D}.SingleImage|Any CPU.Build.0 = Release|Any CPU
		{204FE560-22C8-4E98-B9F5-792B8250FAD1}.CD_ROM|Any CPU.ActiveCfg = Release|Any CPU
		{204FE560-22C8-4E98-B9F5-792B8250FAD1}.CD_ROM|Any CPU.Build.0 = Release|Any CPU
		{204FE560-22C8-4E98-B9F5-792B8250FAD1}.Debug|Any CPU.ActiveCfg = Debug|Any CPU
		{204FE560-22C8-4E98-B9F5-792B8250FAD1}.Debug|Any CPU.Build.0 = Debug|Any CPU
		{204FE560-22C8-4E98-B9F5-792B8250FAD1}.DVD-5|Any CPU.ActiveCfg = Debug|Any CPU
		{204FE560-22C8-4E98-B9F5-792B8250FAD1}.DVD-5|Any CPU.Build.0 = Debug|Any CPU
		{204FE560-22C8-4E98-B9F5-792B8250FAD1}.Release|Any CPU.ActiveCfg = Release|Any CPU
		{204FE560-22C8-4E98-B9F5-792B8250FAD1}.Release|Any CPU.Build.0 = Release|Any CPU
		{204FE560-22C8-4E98-B9F5-792B8250FAD1}.SingleImage|Any CPU.ActiveCfg = Release|Any CPU
		{204FE560-22C8-4E98-B9F5-792B8250FAD1}.SingleImage|Any CPU.Build.0 = Release|Any CPU
		{8DCB0902-B7C7-44BC-99A7-F0B69158E9E4}.CD_ROM|Any CPU.ActiveCfg = Release|Any CPU
		{8DCB0902-B7C7-44BC-99A7-F0B69158E9E4}.CD_ROM|Any CPU.Build.0 = Release|Any CPU
		{8DCB0902-B7C7-44BC-99A7-F0B69158E9E4}.Debug|Any CPU.ActiveCfg = Debug|Any CPU
		{8DCB0902-B7C7-44BC-99A7-F0B69158E9E4}.Debug|Any CPU.Build.0 = Debug|Any CPU
		{8DCB0902-B7C7-44BC-99A7-F0B69158E9E4}.DVD-5|Any CPU.ActiveCfg = Debug|Any CPU
		{8DCB0902-B7C7-44BC-99A7-F0B69158E9E4}.DVD-5|Any CPU.Build.0 = Debug|Any CPU
		{8DCB0902-B7C7-44BC-99A7-F0B69158E9E4}.Release|Any CPU.ActiveCfg = Release|Any CPU
		{8DCB0902-B7C7-44BC-99A7-F0B69158E9E4}.Release|Any CPU.Build.0 = Release|Any CPU
		{8DCB0902-B7C7-44BC-99A7-F0B69158E9E4}.SingleImage|Any CPU.ActiveCfg = Release|Any CPU
		{8DCB0902-B7C7-44BC-99A7-F0B69158E9E4}.SingleImage|Any CPU.Build.0 = Release|Any CPU
		{C26FDA07-4F64-4D60-BFE4-D23C7970A21D}.CD_ROM|Any CPU.ActiveCfg = Release|Any CPU
		{C26FDA07-4F64-4D60-BFE4-D23C7970A21D}.CD_ROM|Any CPU.Build.0 = Release|Any CPU
		{C26FDA07-4F64-4D60-BFE4-D23C7970A21D}.Debug|Any CPU.ActiveCfg = Debug|Any CPU
		{C26FDA07-4F64-4D60-BFE4-D23C7970A21D}.Debug|Any CPU.Build.0 = Debug|Any CPU
		{C26FDA07-4F64-4D60-BFE4-D23C7970A21D}.DVD-5|Any CPU.ActiveCfg = Debug|Any CPU
		{C26FDA07-4F64-4D60-BFE4-D23C7970A21D}.DVD-5|Any CPU.Build.0 = Debug|Any CPU
		{C26FDA07-4F64-4D60-BFE4-D23C7970A21D}.Release|Any CPU.ActiveCfg = Release|Any CPU
		{C26FDA07-4F64-4D60-BFE4-D23C7970A21D}.Release|Any CPU.Build.0 = Release|Any CPU
		{C26FDA07-4F64-4D60-BFE4-D23C7970A21D}.SingleImage|Any CPU.ActiveCfg = Release|Any CPU
		{C26FDA07-4F64-4D60-BFE4-D23C7970A21D}.SingleImage|Any CPU.Build.0 = Release|Any CPU
		{FF23DB31-EA90-4CD8-B88C-7B053AE2AAEF}.CD_ROM|Any CPU.ActiveCfg = Release|Any CPU
		{FF23DB31-EA90-4CD8-B88C-7B053AE2AAEF}.CD_ROM|Any CPU.Build.0 = Release|Any CPU
		{FF23DB31-EA90-4CD8-B88C-7B053AE2AAEF}.Debug|Any CPU.ActiveCfg = Debug|Any CPU
		{FF23DB31-EA90-4CD8-B88C-7B053AE2AAEF}.Debug|Any CPU.Build.0 = Debug|Any CPU
		{FF23DB31-EA90-4CD8-B88C-7B053AE2AAEF}.DVD-5|Any CPU.ActiveCfg = Debug|Any CPU
		{FF23DB31-EA90-4CD8-B88C-7B053AE2AAEF}.DVD-5|Any CPU.Build.0 = Debug|Any CPU
		{FF23DB31-EA90-4CD8-B88C-7B053AE2AAEF}.Release|Any CPU.ActiveCfg = Release|Any CPU
		{FF23DB31-EA90-4CD8-B88C-7B053AE2AAEF}.Release|Any CPU.Build.0 = Release|Any CPU
		{FF23DB31-EA90-4CD8-B88C-7B053AE2AAEF}.SingleImage|Any CPU.ActiveCfg = Release|Any CPU
		{FF23DB31-EA90-4CD8-B88C-7B053AE2AAEF}.SingleImage|Any CPU.Build.0 = Release|Any CPU
		{85AE9047-5AB9-4579-A782-59659D946E7C}.CD_ROM|Any CPU.ActiveCfg = Release|Any CPU
		{85AE9047-5AB9-4579-A782-59659D946E7C}.CD_ROM|Any CPU.Build.0 = Release|Any CPU
		{85AE9047-5AB9-4579-A782-59659D946E7C}.Debug|Any CPU.ActiveCfg = Debug|Any CPU
		{85AE9047-5AB9-4579-A782-59659D946E7C}.Debug|Any CPU.Build.0 = Debug|Any CPU
		{85AE9047-5AB9-4579-A782-59659D946E7C}.DVD-5|Any CPU.ActiveCfg = Debug|Any CPU
		{85AE9047-5AB9-4579-A782-59659D946E7C}.DVD-5|Any CPU.Build.0 = Debug|Any CPU
		{85AE9047-5AB9-4579-A782-59659D946E7C}.Release|Any CPU.ActiveCfg = Release|Any CPU
		{85AE9047-5AB9-4579-A782-59659D946E7C}.Release|Any CPU.Build.0 = Release|Any CPU
		{85AE9047-5AB9-4579-A782-59659D946E7C}.SingleImage|Any CPU.ActiveCfg = Release|Any CPU
		{85AE9047-5AB9-4579-A782-59659D946E7C}.SingleImage|Any CPU.Build.0 = Release|Any CPU
		{1B59281D-3901-42B5-AE12-17ACBF4A52FA}.CD_ROM|Any CPU.ActiveCfg = Release|Any CPU
		{1B59281D-3901-42B5-AE12-17ACBF4A52FA}.CD_ROM|Any CPU.Build.0 = Release|Any CPU
		{1B59281D-3901-42B5-AE12-17ACBF4A52FA}.Debug|Any CPU.ActiveCfg = Debug|Any CPU
		{1B59281D-3901-42B5-AE12-17ACBF4A52FA}.Debug|Any CPU.Build.0 = Debug|Any CPU
		{1B59281D-3901-42B5-AE12-17ACBF4A52FA}.DVD-5|Any CPU.ActiveCfg = Debug|Any CPU
		{1B59281D-3901-42B5-AE12-17ACBF4A52FA}.DVD-5|Any CPU.Build.0 = Debug|Any CPU
		{1B59281D-3901-42B5-AE12-17ACBF4A52FA}.Release|Any CPU.ActiveCfg = Release|Any CPU
		{1B59281D-3901-42B5-AE12-17ACBF4A52FA}.Release|Any CPU.Build.0 = Release|Any CPU
		{1B59281D-3901-42B5-AE12-17ACBF4A52FA}.SingleImage|Any CPU.ActiveCfg = Release|Any CPU
		{1B59281D-3901-42B5-AE12-17ACBF4A52FA}.SingleImage|Any CPU.Build.0 = Release|Any CPU
		{D3977BBF-6125-455F-A335-E50C8BB5B2F0}.CD_ROM|Any CPU.ActiveCfg = Release|Any CPU
		{D3977BBF-6125-455F-A335-E50C8BB5B2F0}.CD_ROM|Any CPU.Build.0 = Release|Any CPU
		{D3977BBF-6125-455F-A335-E50C8BB5B2F0}.Debug|Any CPU.ActiveCfg = Debug|Any CPU
		{D3977BBF-6125-455F-A335-E50C8BB5B2F0}.Debug|Any CPU.Build.0 = Debug|Any CPU
		{D3977BBF-6125-455F-A335-E50C8BB5B2F0}.DVD-5|Any CPU.ActiveCfg = Debug|Any CPU
		{D3977BBF-6125-455F-A335-E50C8BB5B2F0}.DVD-5|Any CPU.Build.0 = Debug|Any CPU
		{D3977BBF-6125-455F-A335-E50C8BB5B2F0}.Release|Any CPU.ActiveCfg = Release|Any CPU
		{D3977BBF-6125-455F-A335-E50C8BB5B2F0}.Release|Any CPU.Build.0 = Release|Any CPU
		{D3977BBF-6125-455F-A335-E50C8BB5B2F0}.SingleImage|Any CPU.ActiveCfg = Release|Any CPU
		{D3977BBF-6125-455F-A335-E50C8BB5B2F0}.SingleImage|Any CPU.Build.0 = Release|Any CPU
		{5C3060EB-D99D-46F9-B7F0-ECD27EF26608}.CD_ROM|Any CPU.ActiveCfg = Release|Any CPU
		{5C3060EB-D99D-46F9-B7F0-ECD27EF26608}.CD_ROM|Any CPU.Build.0 = Release|Any CPU
		{5C3060EB-D99D-46F9-B7F0-ECD27EF26608}.Debug|Any CPU.ActiveCfg = Debug|Any CPU
		{5C3060EB-D99D-46F9-B7F0-ECD27EF26608}.Debug|Any CPU.Build.0 = Debug|Any CPU
		{5C3060EB-D99D-46F9-B7F0-ECD27EF26608}.DVD-5|Any CPU.ActiveCfg = Debug|Any CPU
		{5C3060EB-D99D-46F9-B7F0-ECD27EF26608}.DVD-5|Any CPU.Build.0 = Debug|Any CPU
		{5C3060EB-D99D-46F9-B7F0-ECD27EF26608}.Release|Any CPU.ActiveCfg = Release|Any CPU
		{5C3060EB-D99D-46F9-B7F0-ECD27EF26608}.Release|Any CPU.Build.0 = Release|Any CPU
		{5C3060EB-D99D-46F9-B7F0-ECD27EF26608}.SingleImage|Any CPU.ActiveCfg = Release|Any CPU
		{5C3060EB-D99D-46F9-B7F0-ECD27EF26608}.SingleImage|Any CPU.Build.0 = Release|Any CPU
		{DDD9F53B-0E35-4DB3-8392-5FFD725E96E5}.CD_ROM|Any CPU.ActiveCfg = Release|Any CPU
		{DDD9F53B-0E35-4DB3-8392-5FFD725E96E5}.CD_ROM|Any CPU.Build.0 = Release|Any CPU
		{DDD9F53B-0E35-4DB3-8392-5FFD725E96E5}.Debug|Any CPU.ActiveCfg = Debug|Any CPU
		{DDD9F53B-0E35-4DB3-8392-5FFD725E96E5}.Debug|Any CPU.Build.0 = Debug|Any CPU
		{DDD9F53B-0E35-4DB3-8392-5FFD725E96E5}.DVD-5|Any CPU.ActiveCfg = Debug|Any CPU
		{DDD9F53B-0E35-4DB3-8392-5FFD725E96E5}.DVD-5|Any CPU.Build.0 = Debug|Any CPU
		{DDD9F53B-0E35-4DB3-8392-5FFD725E96E5}.Release|Any CPU.ActiveCfg = Release|Any CPU
		{DDD9F53B-0E35-4DB3-8392-5FFD725E96E5}.Release|Any CPU.Build.0 = Release|Any CPU
		{DDD9F53B-0E35-4DB3-8392-5FFD725E96E5}.SingleImage|Any CPU.ActiveCfg = Release|Any CPU
		{DDD9F53B-0E35-4DB3-8392-5FFD725E96E5}.SingleImage|Any CPU.Build.0 = Release|Any CPU
		{C3894011-E624-4666-A510-E8CD2852D20D}.CD_ROM|Any CPU.ActiveCfg = Release|Any CPU
		{C3894011-E624-4666-A510-E8CD2852D20D}.CD_ROM|Any CPU.Build.0 = Release|Any CPU
		{C3894011-E624-4666-A510-E8CD2852D20D}.Debug|Any CPU.ActiveCfg = Debug|Any CPU
		{C3894011-E624-4666-A510-E8CD2852D20D}.Debug|Any CPU.Build.0 = Debug|Any CPU
		{C3894011-E624-4666-A510-E8CD2852D20D}.DVD-5|Any CPU.ActiveCfg = Debug|Any CPU
		{C3894011-E624-4666-A510-E8CD2852D20D}.DVD-5|Any CPU.Build.0 = Debug|Any CPU
		{C3894011-E624-4666-A510-E8CD2852D20D}.Release|Any CPU.ActiveCfg = Release|Any CPU
		{C3894011-E624-4666-A510-E8CD2852D20D}.Release|Any CPU.Build.0 = Release|Any CPU
		{C3894011-E624-4666-A510-E8CD2852D20D}.SingleImage|Any CPU.ActiveCfg = Release|Any CPU
		{C3894011-E624-4666-A510-E8CD2852D20D}.SingleImage|Any CPU.Build.0 = Release|Any CPU
		{934FA89C-A98A-47A8-AF68-F8DA2E86BD72}.CD_ROM|Any CPU.ActiveCfg = Release|Any CPU
		{934FA89C-A98A-47A8-AF68-F8DA2E86BD72}.CD_ROM|Any CPU.Build.0 = Release|Any CPU
		{934FA89C-A98A-47A8-AF68-F8DA2E86BD72}.Debug|Any CPU.ActiveCfg = Debug|Any CPU
		{934FA89C-A98A-47A8-AF68-F8DA2E86BD72}.Debug|Any CPU.Build.0 = Debug|Any CPU
		{934FA89C-A98A-47A8-AF68-F8DA2E86BD72}.DVD-5|Any CPU.ActiveCfg = Debug|Any CPU
		{934FA89C-A98A-47A8-AF68-F8DA2E86BD72}.DVD-5|Any CPU.Build.0 = Debug|Any CPU
		{934FA89C-A98A-47A8-AF68-F8DA2E86BD72}.Release|Any CPU.ActiveCfg = Release|Any CPU
		{934FA89C-A98A-47A8-AF68-F8DA2E86BD72}.Release|Any CPU.Build.0 = Release|Any CPU
		{934FA89C-A98A-47A8-AF68-F8DA2E86BD72}.SingleImage|Any CPU.ActiveCfg = Release|Any CPU
		{934FA89C-A98A-47A8-AF68-F8DA2E86BD72}.SingleImage|Any CPU.Build.0 = Release|Any CPU
		{BB88F23E-66F6-405D-B925-B637BBD18750}.CD_ROM|Any CPU.ActiveCfg = Release|Any CPU
		{BB88F23E-66F6-405D-B925-B637BBD18750}.CD_ROM|Any CPU.Build.0 = Release|Any CPU
		{BB88F23E-66F6-405D-B925-B637BBD18750}.Debug|Any CPU.ActiveCfg = Debug|Any CPU
		{BB88F23E-66F6-405D-B925-B637BBD18750}.Debug|Any CPU.Build.0 = Debug|Any CPU
		{BB88F23E-66F6-405D-B925-B637BBD18750}.DVD-5|Any CPU.ActiveCfg = Debug|Any CPU
		{BB88F23E-66F6-405D-B925-B637BBD18750}.DVD-5|Any CPU.Build.0 = Debug|Any CPU
		{BB88F23E-66F6-405D-B925-B637BBD18750}.Release|Any CPU.ActiveCfg = Release|Any CPU
		{BB88F23E-66F6-405D-B925-B637BBD18750}.Release|Any CPU.Build.0 = Release|Any CPU
		{BB88F23E-66F6-405D-B925-B637BBD18750}.SingleImage|Any CPU.ActiveCfg = Release|Any CPU
		{BB88F23E-66F6-405D-B925-B637BBD18750}.SingleImage|Any CPU.Build.0 = Release|Any CPU
		{874BC4DB-F271-4988-9D14-8DF36CE2C31D}.CD_ROM|Any CPU.ActiveCfg = Release|Any CPU
		{874BC4DB-F271-4988-9D14-8DF36CE2C31D}.CD_ROM|Any CPU.Build.0 = Release|Any CPU
		{874BC4DB-F271-4988-9D14-8DF36CE2C31D}.Debug|Any CPU.ActiveCfg = Debug|Any CPU
		{874BC4DB-F271-4988-9D14-8DF36CE2C31D}.Debug|Any CPU.Build.0 = Debug|Any CPU
		{874BC4DB-F271-4988-9D14-8DF36CE2C31D}.DVD-5|Any CPU.ActiveCfg = Debug|Any CPU
		{874BC4DB-F271-4988-9D14-8DF36CE2C31D}.DVD-5|Any CPU.Build.0 = Debug|Any CPU
		{874BC4DB-F271-4988-9D14-8DF36CE2C31D}.Release|Any CPU.ActiveCfg = Release|Any CPU
		{874BC4DB-F271-4988-9D14-8DF36CE2C31D}.Release|Any CPU.Build.0 = Release|Any CPU
		{874BC4DB-F271-4988-9D14-8DF36CE2C31D}.SingleImage|Any CPU.ActiveCfg = Release|Any CPU
		{874BC4DB-F271-4988-9D14-8DF36CE2C31D}.SingleImage|Any CPU.Build.0 = Release|Any CPU
	EndGlobalSection
	GlobalSection(SolutionProperties) = preSolution
		HideSolutionNode = FALSE
	EndGlobalSection
	GlobalSection(NestedProjects) = preSolution
		{2D57AFBF-54B7-493F-8FBF-A585642B8C9B} = {999619B6-002E-4905-903C-178DBCE594B4}
		{94CEA1D8-2D75-410C-8140-B97A74B52B15} = {999619B6-002E-4905-903C-178DBCE594B4}
		{5096E63C-145D-4FD2-9B95-BBEE343A6BB7} = {999619B6-002E-4905-903C-178DBCE594B4}
		{9B4371DC-A4F7-431D-B1E9-CB39C7D52508} = {999619B6-002E-4905-903C-178DBCE594B4}
		{FF23DB31-EA90-4CD8-B88C-7B053AE2AAEF} = {999619B6-002E-4905-903C-178DBCE594B4}
		{5C3060EB-D99D-46F9-B7F0-ECD27EF26608} = {999619B6-002E-4905-903C-178DBCE594B4}
		{C3894011-E624-4666-A510-E8CD2852D20D} = {999619B6-002E-4905-903C-178DBCE594B4}
		{F1EF6543-2975-4EEB-80BF-4421F1B3CDA4} = {08A593E0-254F-4F72-9C53-075EC9693332}
		{98C21D16-E182-4579-906A-0E49944ED131} = {08A593E0-254F-4F72-9C53-075EC9693332}
		{4F3BB926-2530-4273-B871-5F573CDC2234} = {D0D2262B-ACEB-4A82-9D9A-CAC76430CFCA}
		{032EBF53-5D1E-4169-A807-0B156DFD582D} = {D0D2262B-ACEB-4A82-9D9A-CAC76430CFCA}
		{FEA95AE7-4CD8-4B64-8F21-86706DC14AB7} = {D0D2262B-ACEB-4A82-9D9A-CAC76430CFCA}
		{9A295C91-6DD2-4306-A2EA-C907B82D8B83} = {D0D2262B-ACEB-4A82-9D9A-CAC76430CFCA}
		{06EC2B04-C0F1-44DF-854D-4748F8C48A3B} = {D0D2262B-ACEB-4A82-9D9A-CAC76430CFCA}
		{FBB60CDE-D12D-4302-AE29-17F8E567DB62} = {D0D2262B-ACEB-4A82-9D9A-CAC76430CFCA}
		{8F078F5D-4E92-4DFF-870E-6B5A6350178B} = {D0D2262B-ACEB-4A82-9D9A-CAC76430CFCA}
		{204FE560-22C8-4E98-B9F5-792B8250FAD1} = {D0D2262B-ACEB-4A82-9D9A-CAC76430CFCA}
		{C26FDA07-4F64-4D60-BFE4-D23C7970A21D} = {D0D2262B-ACEB-4A82-9D9A-CAC76430CFCA}
		{75CDCED6-DEC0-4F14-B9A8-DD4F1ED96942} = {8BE639DB-1EA8-471D-8E37-4E081159490A}
		{83A9641A-E4C1-4538-9162-6CC03A7CCA23} = {8BE639DB-1EA8-471D-8E37-4E081159490A}
		{8DCB0902-B7C7-44BC-99A7-F0B69158E9E4} = {8BE639DB-1EA8-471D-8E37-4E081159490A}
		{DDD9F53B-0E35-4DB3-8392-5FFD725E96E5} = {8BE639DB-1EA8-471D-8E37-4E081159490A}
		{D3C3786D-888E-4600-97D0-D33814C1DA02} = {881CB69E-A0E1-44E8-933C-C81358421DB2}
		{80309B5C-D561-4491-B76E-9E634E7025AE} = {881CB69E-A0E1-44E8-933C-C81358421DB2}
		{69BE90C5-D790-4E09-A617-445D89F52B0B} = {881CB69E-A0E1-44E8-933C-C81358421DB2}
		{58A17FA8-3991-4EFD-8013-A28CDE0CFF4D} = {881CB69E-A0E1-44E8-933C-C81358421DB2}
		{1B59281D-3901-42B5-AE12-17ACBF4A52FA} = {F1EF6543-2975-4EEB-80BF-4421F1B3CDA4}
		{D3977BBF-6125-455F-A335-E50C8BB5B2F0} = {F1EF6543-2975-4EEB-80BF-4421F1B3CDA4}
		{85AE9047-5AB9-4579-A782-59659D946E7C} = {98C21D16-E182-4579-906A-0E49944ED131}
		{934FA89C-A98A-47A8-AF68-F8DA2E86BD72} = {100B20CC-CADD-49A4-9028-EB15B00010D8}
		{BB88F23E-66F6-405D-B925-B637BBD18750} = {100B20CC-CADD-49A4-9028-EB15B00010D8}
		{874BC4DB-F271-4988-9D14-8DF36CE2C31D} = {100B20CC-CADD-49A4-9028-EB15B00010D8}
	EndGlobalSection
EndGlobal
