
Microsoft Visual Studio Solution File, Format Version 12.00
# Visual Studio 2012
Project("{FAE04EC0-301F-11D3-BF4B-00C04F79EFBC}") = "WinStudio.iTrip.Web", "web\itrip\WinStudio.iTrip.Web\WinStudio.iTrip.Web.csproj", "{874BC4DB-F271-4988-9D14-8DF36CE2C31D}"
EndProject
Project("{FAE04EC0-301F-11D3-BF4B-00C04F79EFBC}") = "WinStudio.iTrip.Core", "web\itrip\WinStudio.iTrip.Core\WinStudio.iTrip.Core.csproj", "{BB88F23E-66F6-405D-B925-B637BBD18750}"
EndProject
Project("{FAE04EC0-301F-11D3-BF4B-00C04F79EFBC}") = "WinStudio.iTrip.Models", "web\itrip\WinStudio.iTrip.Models\WinStudio.iTrip.Models.csproj", "{934FA89C-A98A-47A8-AF68-F8DA2E86BD72}"
EndProject
Project("{FAE04EC0-301F-11D3-BF4B-00C04F79EFBC}") = "WinStudio.iTrip.IBusiness", "web\itrip\WinStudio.iTrip.IBusiness\WinStudio.iTrip.IBusiness.csproj", "{32EAB195-99A0-4F4D-AC9B-88EAE844FA3E}"
EndProject
Project("{FAE04EC0-301F-11D3-BF4B-00C04F79EFBC}") = "WinStuido.iTrip.ProfileBusiServ", "web\itrip\WinStuido.iTrip.ProfileBusiServ\WinStuido.iTrip.ProfileBusiServ.csproj", "{773A2A63-B476-4723-804B-B426BAB43FED}"
EndProject
Project("{FAE04EC0-301F-11D3-BF4B-00C04F79EFBC}") = "WinStudio.iTrip.CusomterBusiServ", "web\itrip\WinStudio.iTrip.CusomterBusiServ\WinStudio.iTrip.CusomterBusiServ.csproj", "{51EA7F48-E83F-48C4-813E-A4C343B7A899}"
EndProject
Project("{2150E333-8FDC-42A3-9474-1A3956D46DE8}") = "business", "business", "{678EF646-6046-4326-8B31-803F5682157B}"
EndProject
Project("{FAE04EC0-301F-11D3-BF4B-00C04F79EFBC}") = "WinStudio.iTrip.Framework", "web\itrip\WinStudio.iTrip.Framework\WinStudio.iTrip.Framework.csproj", "{4E048050-79D1-494D-946F-4E8B000DFF4D}"
EndProject
Global
	GlobalSection(SolutionConfigurationPlatforms) = preSolution
		Debug|Any CPU = Debug|Any CPU
		Release|Any CPU = Release|Any CPU
	EndGlobalSection
	GlobalSection(ProjectConfigurationPlatforms) = postSolution
		{874BC4DB-F271-4988-9D14-8DF36CE2C31D}.Debug|Any CPU.ActiveCfg = Debug|Any CPU
		{874BC4DB-F271-4988-9D14-8DF36CE2C31D}.Debug|Any CPU.Build.0 = Debug|Any CPU
		{874BC4DB-F271-4988-9D14-8DF36CE2C31D}.Release|Any CPU.ActiveCfg = Release|Any CPU
		{874BC4DB-F271-4988-9D14-8DF36CE2C31D}.Release|Any CPU.Build.0 = Release|Any CPU
		{BB88F23E-66F6-405D-B925-B637BBD18750}.Debug|Any CPU.ActiveCfg = Debug|Any CPU
		{BB88F23E-66F6-405D-B925-B637BBD18750}.Debug|Any CPU.Build.0 = Debug|Any CPU
		{BB88F23E-66F6-405D-B925-B637BBD18750}.Release|Any CPU.ActiveCfg = Release|Any CPU
		{BB88F23E-66F6-405D-B925-B637BBD18750}.Release|Any CPU.Build.0 = Release|Any CPU
		{934FA89C-A98A-47A8-AF68-F8DA2E86BD72}.Debug|Any CPU.ActiveCfg = Debug|Any CPU
		{934FA89C-A98A-47A8-AF68-F8DA2E86BD72}.Debug|Any CPU.Build.0 = Debug|Any CPU
		{934FA89C-A98A-47A8-AF68-F8DA2E86BD72}.Release|Any CPU.ActiveCfg = Release|Any CPU
		{934FA89C-A98A-47A8-AF68-F8DA2E86BD72}.Release|Any CPU.Build.0 = Release|Any CPU
		{32EAB195-99A0-4F4D-AC9B-88EAE844FA3E}.Debug|Any CPU.ActiveCfg = Debug|Any CPU
		{32EAB195-99A0-4F4D-AC9B-88EAE844FA3E}.Debug|Any CPU.Build.0 = Debug|Any CPU
		{32EAB195-99A0-4F4D-AC9B-88EAE844FA3E}.Release|Any CPU.ActiveCfg = Release|Any CPU
		{32EAB195-99A0-4F4D-AC9B-88EAE844FA3E}.Release|Any CPU.Build.0 = Release|Any CPU
		{773A2A63-B476-4723-804B-B426BAB43FED}.Debug|Any CPU.ActiveCfg = Debug|Any CPU
		{773A2A63-B476-4723-804B-B426BAB43FED}.Debug|Any CPU.Build.0 = Debug|Any CPU
		{773A2A63-B476-4723-804B-B426BAB43FED}.Release|Any CPU.ActiveCfg = Release|Any CPU
		{773A2A63-B476-4723-804B-B426BAB43FED}.Release|Any CPU.Build.0 = Release|Any CPU
		{51EA7F48-E83F-48C4-813E-A4C343B7A899}.Debug|Any CPU.ActiveCfg = Debug|Any CPU
		{51EA7F48-E83F-48C4-813E-A4C343B7A899}.Debug|Any CPU.Build.0 = Debug|Any CPU
		{51EA7F48-E83F-48C4-813E-A4C343B7A899}.Release|Any CPU.ActiveCfg = Release|Any CPU
		{51EA7F48-E83F-48C4-813E-A4C343B7A899}.Release|Any CPU.Build.0 = Release|Any CPU
		{4E048050-79D1-494D-946F-4E8B000DFF4D}.Debug|Any CPU.ActiveCfg = Debug|Any CPU
		{4E048050-79D1-494D-946F-4E8B000DFF4D}.Debug|Any CPU.Build.0 = Debug|Any CPU
		{4E048050-79D1-494D-946F-4E8B000DFF4D}.Release|Any CPU.ActiveCfg = Release|Any CPU
		{4E048050-79D1-494D-946F-4E8B000DFF4D}.Release|Any CPU.Build.0 = Release|Any CPU
	EndGlobalSection
	GlobalSection(SolutionProperties) = preSolution
		HideSolutionNode = FALSE
	EndGlobalSection
	GlobalSection(NestedProjects) = preSolution
		{773A2A63-B476-4723-804B-B426BAB43FED} = {678EF646-6046-4326-8B31-803F5682157B}
		{51EA7F48-E83F-48C4-813E-A4C343B7A899} = {678EF646-6046-4326-8B31-803F5682157B}
		{32EAB195-99A0-4F4D-AC9B-88EAE844FA3E} = {678EF646-6046-4326-8B31-803F5682157B}
	EndGlobalSection
EndGlobal
