
Microsoft Visual Studio Solution File, Format Version 12.00
# Visual Studio 2012
Project("{2150E333-8FDC-42A3-9474-1A3956D46DE8}") = "libs", "libs", "{B4F6A2F3-CB88-4BAA-AD38-CA7FFEEC162C}"
EndProject
Project("{2150E333-8FDC-42A3-9474-1A3956D46DE8}") = "winform", "winform", "{0A5D4C3D-A6E9-4CDC-A847-98E3A387F4C7}"
EndProject
Project("{2150E333-8FDC-42A3-9474-1A3956D46DE8}") = "ninject", "ninject", "{741147A3-C520-4ABA-9835-C02A870D7996}"
EndProject
Project("{2150E333-8FDC-42A3-9474-1A3956D46DE8}") = "extensions", "extensions", "{4E78985A-DCC0-4BDC-891C-FA8C190F03B5}"
EndProject
Project("{2150E333-8FDC-42A3-9474-1A3956D46DE8}") = "comresult", "comresult", "{8D696161-119F-48FE-AB4B-7F197F3A3D29}"
EndProject
Project("{2150E333-8FDC-42A3-9474-1A3956D46DE8}") = "mvc", "mvc", "{E539C2A0-C51A-4C41-A0A7-D9CC47E74C72}"
EndProject
Project("{2150E333-8FDC-42A3-9474-1A3956D46DE8}") = "entityframework", "entityframework", "{8F63E254-2DD8-4DF7-A680-EC7D30B2390D}"
EndProject
Project("{FAE04EC0-301F-11D3-BF4B-00C04F79EFBC}") = "WinStudio.ComResult", "comresult\WinStudio.ComResult\WinStudio.ComResult.csproj", "{FDBEEDB1-146C-4F69-9867-F198E082D9FB}"
EndProject
Project("{FAE04EC0-301F-11D3-BF4B-00C04F79EFBC}") = "WinStudio.AssemblyUtility", "extensions\WinStudio.AssemblyUtility\WinStudio.AssemblyUtility.csproj", "{3D1FBE6E-084A-4F78-BFF4-D6B1F7B6F779}"
EndProject
Project("{FAE04EC0-301F-11D3-BF4B-00C04F79EFBC}") = "WinStudio.EnumerableExtensions", "extensions\WinStudio.EnumerableExtensions\WinStudio.EnumerableExtensions.csproj", "{9CEEA343-F0BD-4410-870D-CEA516FAEE74}"
EndProject
Project("{FAE04EC0-301F-11D3-BF4B-00C04F79EFBC}") = "WinStudio.EnumExtensions", "extensions\WinStudio.EnumExtensions\WinStudio.EnumExtensions.csproj", "{CE1B9A5F-7436-423C-92E6-C3B09D219352}"
EndProject
Project("{FAE04EC0-301F-11D3-BF4B-00C04F79EFBC}") = "WinStudio.FileExtensions", "extensions\WinStudio.FileExtensions\WinStudio.FileExtensions.csproj", "{DB1BCF99-E17A-4A45-8562-BB616F5DC2DD}"
EndProject
Project("{FAE04EC0-301F-11D3-BF4B-00C04F79EFBC}") = "WinStudio.HttpExtensions", "extensions\WinStudio.HttpExtensions\WinStudio.HttpExtensions.csproj", "{D24BFFFF-168B-40E4-8F92-9631F39613BE}"
EndProject
Project("{FAE04EC0-301F-11D3-BF4B-00C04F79EFBC}") = "WinStudio.LinqExtensions", "extensions\WinStudio.LinqExtensions\WinStudio.LinqExtensions.csproj", "{05F5A2F4-F6E0-4074-BA70-A262C797CC88}"
EndProject
Project("{FAE04EC0-301F-11D3-BF4B-00C04F79EFBC}") = "WinStudio.StringExtensions", "extensions\WinStudio.StringExtensions\WinStudio.StringExtensions.csproj", "{FF5DF81B-3111-40D0-9357-BA0A10FDFC89}"
EndProject
Project("{FAE04EC0-301F-11D3-BF4B-00C04F79EFBC}") = "WinStuido.XmlExtensions", "extensions\WinStuido.XmlExtensions\WinStuido.XmlExtensions.csproj", "{514CD6ED-D4B7-4911-B186-741BB2C31AA1}"
EndProject
Project("{FAE04EC0-301F-11D3-BF4B-00C04F79EFBC}") = "WinStudio.SqlCoparer", "winform\WinStudio.SqlCoparer\WinStudio.SqlCoparer.csproj", "{76F80954-A86E-4C50-827F-266C2B3A4618}"
EndProject
Project("{2150E333-8FDC-42A3-9474-1A3956D46DE8}") = "autofac", "autofac", "{072637B0-E6C9-4B51-8B8D-AED3AA4B1012}"
EndProject
Project("{FAE04EC0-301F-11D3-BF4B-00C04F79EFBC}") = "WinStudio.Security", "extensions\WinStudio.Security\WinStudio.Security.csproj", "{A43525B7-3039-49BE-94BD-1FA7EBE6153A}"
EndProject
Project("{2150E333-8FDC-42A3-9474-1A3956D46DE8}") = "permission", "permission", "{C578C0E2-4A27-4748-8C6B-EE6E318A1198}"
EndProject
Project("{2150E333-8FDC-42A3-9474-1A3956D46DE8}") = "framework", "framework", "{B9F877AA-A4AC-4C08-96A2-27ECE6C3E393}"
EndProject
Project("{FAE04EC0-301F-11D3-BF4B-00C04F79EFBC}") = "WinStudio.Permission", "framework\permission\WinStudio.Permission\WinStudio.Permission.csproj", "{D67B68C6-5081-49DA-9C09-F07F45A793DA}"
EndProject
Project("{FAE04EC0-301F-11D3-BF4B-00C04F79EFBC}") = "AutofacAutoResolver", "framework\autofac\AutofacAutoResolver\AutofacAutoResolver.csproj", "{DDD9F53B-0E35-4DB3-8392-5FFD725E96E5}"
EndProject
Project("{FAE04EC0-301F-11D3-BF4B-00C04F79EFBC}") = "Ninject.Web.Common.Auto", "framework\ninject\Ninject.Web.Common.Auto\Ninject.Web.Common.Auto.csproj", "{B83F6779-BD87-4D43-98AA-CC0A50B1EDBA}"
EndProject
Project("{FAE04EC0-301F-11D3-BF4B-00C04F79EFBC}") = "WinStudio.TestDataFramework.EF", "framework\ef\WinStudio.TestDataFramework.EF\WinStudio.TestDataFramework.EF.csproj", "{5DB9EE5C-5CD7-4CFD-9285-93FE96DE1470}"
EndProject
Project("{FAE04EC0-301F-11D3-BF4B-00C04F79EFBC}") = "WinStudio.MvcAreaRegistration", "framework\mvc\WinStudio.MvcAreaRegistration\WinStudio.MvcAreaRegistration.csproj", "{70718821-28D7-4EE8-B3DC-B57E6108D43C}"
EndProject
Project("{FAE04EC0-301F-11D3-BF4B-00C04F79EFBC}") = "WinStudio.MvcExtensions", "framework\mvc\WinStudio.MvcExtensions\WinStudio.MvcExtensions.csproj", "{D5D17ED0-0671-4773-AE69-13238E950A65}"
EndProject
Project("{FAE04EC0-301F-11D3-BF4B-00C04F79EFBC}") = "WinStudio.MvcViewEngine", "framework\mvc\WinStudio.MvcViewEngine\WinStudio.MvcViewEngine.csproj", "{1AABC858-03B1-4A9F-A7BB-A5AFEED85626}"
EndProject
Project("{FAE04EC0-301F-11D3-BF4B-00C04F79EFBC}") = "WinStudio.Serialization", "extensions\WinStudio.Serialization\WinStudio.Serialization.csproj", "{A5CFB545-A0F3-49FF-AD30-521A3FCC0420}"
EndProject
Project("{FAE04EC0-301F-11D3-BF4B-00C04F79EFBC}") = "WinStudio.Permission.Business", "framework\permission\WinStudio.Permission.Business\WinStudio.Permission.Business.csproj", "{5AC8BB17-E4DB-456B-8A34-E9E7A7F89917}"
EndProject
Project("{2150E333-8FDC-42A3-9474-1A3956D46DE8}") = "log4net", "log4net", "{38CF974F-8E39-4294-80F3-F608C7F01C27}"
EndProject
Project("{FAE04EC0-301F-11D3-BF4B-00C04F79EFBC}") = "WinStudio.DynamicLogger", "framework\log4net\WinStudio.DynamicLogger\WinStudio.DynamicLogger.csproj", "{C4CFD7F3-7E97-4C2C-B272-92B478E890E0}"
EndProject
Project("{FAE04EC0-301F-11D3-BF4B-00C04F79EFBC}") = "AutofacAutoResolverFlag", "framework\autofac\AutofacAutoResolverFlag\AutofacAutoResolverFlag.csproj", "{5682FDDD-A756-4A77-907D-86B7EA78E738}"
EndProject
Global
	GlobalSection(SolutionConfigurationPlatforms) = preSolution
		Debug|Any CPU = Debug|Any CPU
		Debug|Mixed Platforms = Debug|Mixed Platforms
		Debug|x86 = Debug|x86
		Release|Any CPU = Release|Any CPU
		Release|Mixed Platforms = Release|Mixed Platforms
		Release|x86 = Release|x86
	EndGlobalSection
	GlobalSection(ProjectConfigurationPlatforms) = postSolution
		{FDBEEDB1-146C-4F69-9867-F198E082D9FB}.Debug|Any CPU.ActiveCfg = Debug|Any CPU
		{FDBEEDB1-146C-4F69-9867-F198E082D9FB}.Debug|Any CPU.Build.0 = Debug|Any CPU
		{FDBEEDB1-146C-4F69-9867-F198E082D9FB}.Debug|Mixed Platforms.ActiveCfg = Debug|Any CPU
		{FDBEEDB1-146C-4F69-9867-F198E082D9FB}.Debug|Mixed Platforms.Build.0 = Debug|Any CPU
		{FDBEEDB1-146C-4F69-9867-F198E082D9FB}.Debug|x86.ActiveCfg = Debug|Any CPU
		{FDBEEDB1-146C-4F69-9867-F198E082D9FB}.Release|Any CPU.ActiveCfg = Release|Any CPU
		{FDBEEDB1-146C-4F69-9867-F198E082D9FB}.Release|Any CPU.Build.0 = Release|Any CPU
		{FDBEEDB1-146C-4F69-9867-F198E082D9FB}.Release|Mixed Platforms.ActiveCfg = Release|Any CPU
		{FDBEEDB1-146C-4F69-9867-F198E082D9FB}.Release|Mixed Platforms.Build.0 = Release|Any CPU
		{FDBEEDB1-146C-4F69-9867-F198E082D9FB}.Release|x86.ActiveCfg = Release|Any CPU
		{3D1FBE6E-084A-4F78-BFF4-D6B1F7B6F779}.Debug|Any CPU.ActiveCfg = Debug|Any CPU
		{3D1FBE6E-084A-4F78-BFF4-D6B1F7B6F779}.Debug|Any CPU.Build.0 = Debug|Any CPU
		{3D1FBE6E-084A-4F78-BFF4-D6B1F7B6F779}.Debug|Mixed Platforms.ActiveCfg = Debug|Any CPU
		{3D1FBE6E-084A-4F78-BFF4-D6B1F7B6F779}.Debug|Mixed Platforms.Build.0 = Debug|Any CPU
		{3D1FBE6E-084A-4F78-BFF4-D6B1F7B6F779}.Debug|x86.ActiveCfg = Debug|Any CPU
		{3D1FBE6E-084A-4F78-BFF4-D6B1F7B6F779}.Release|Any CPU.ActiveCfg = Release|Any CPU
		{3D1FBE6E-084A-4F78-BFF4-D6B1F7B6F779}.Release|Any CPU.Build.0 = Release|Any CPU
		{3D1FBE6E-084A-4F78-BFF4-D6B1F7B6F779}.Release|Mixed Platforms.ActiveCfg = Release|Any CPU
		{3D1FBE6E-084A-4F78-BFF4-D6B1F7B6F779}.Release|Mixed Platforms.Build.0 = Release|Any CPU
		{3D1FBE6E-084A-4F78-BFF4-D6B1F7B6F779}.Release|x86.ActiveCfg = Release|Any CPU
		{9CEEA343-F0BD-4410-870D-CEA516FAEE74}.Debug|Any CPU.ActiveCfg = Debug|Any CPU
		{9CEEA343-F0BD-4410-870D-CEA516FAEE74}.Debug|Any CPU.Build.0 = Debug|Any CPU
		{9CEEA343-F0BD-4410-870D-CEA516FAEE74}.Debug|Mixed Platforms.ActiveCfg = Debug|Any CPU
		{9CEEA343-F0BD-4410-870D-CEA516FAEE74}.Debug|Mixed Platforms.Build.0 = Debug|Any CPU
		{9CEEA343-F0BD-4410-870D-CEA516FAEE74}.Debug|x86.ActiveCfg = Debug|Any CPU
		{9CEEA343-F0BD-4410-870D-CEA516FAEE74}.Release|Any CPU.ActiveCfg = Release|Any CPU
		{9CEEA343-F0BD-4410-870D-CEA516FAEE74}.Release|Any CPU.Build.0 = Release|Any CPU
		{9CEEA343-F0BD-4410-870D-CEA516FAEE74}.Release|Mixed Platforms.ActiveCfg = Release|Any CPU
		{9CEEA343-F0BD-4410-870D-CEA516FAEE74}.Release|Mixed Platforms.Build.0 = Release|Any CPU
		{9CEEA343-F0BD-4410-870D-CEA516FAEE74}.Release|x86.ActiveCfg = Release|Any CPU
		{CE1B9A5F-7436-423C-92E6-C3B09D219352}.Debug|Any CPU.ActiveCfg = Debug|Any CPU
		{CE1B9A5F-7436-423C-92E6-C3B09D219352}.Debug|Any CPU.Build.0 = Debug|Any CPU
		{CE1B9A5F-7436-423C-92E6-C3B09D219352}.Debug|Mixed Platforms.ActiveCfg = Debug|Any CPU
		{CE1B9A5F-7436-423C-92E6-C3B09D219352}.Debug|Mixed Platforms.Build.0 = Debug|Any CPU
		{CE1B9A5F-7436-423C-92E6-C3B09D219352}.Debug|x86.ActiveCfg = Debug|Any CPU
		{CE1B9A5F-7436-423C-92E6-C3B09D219352}.Release|Any CPU.ActiveCfg = Release|Any CPU
		{CE1B9A5F-7436-423C-92E6-C3B09D219352}.Release|Any CPU.Build.0 = Release|Any CPU
		{CE1B9A5F-7436-423C-92E6-C3B09D219352}.Release|Mixed Platforms.ActiveCfg = Release|Any CPU
		{CE1B9A5F-7436-423C-92E6-C3B09D219352}.Release|Mixed Platforms.Build.0 = Release|Any CPU
		{CE1B9A5F-7436-423C-92E6-C3B09D219352}.Release|x86.ActiveCfg = Release|Any CPU
		{DB1BCF99-E17A-4A45-8562-BB616F5DC2DD}.Debug|Any CPU.ActiveCfg = Debug|Any CPU
		{DB1BCF99-E17A-4A45-8562-BB616F5DC2DD}.Debug|Any CPU.Build.0 = Debug|Any CPU
		{DB1BCF99-E17A-4A45-8562-BB616F5DC2DD}.Debug|Mixed Platforms.ActiveCfg = Debug|Any CPU
		{DB1BCF99-E17A-4A45-8562-BB616F5DC2DD}.Debug|Mixed Platforms.Build.0 = Debug|Any CPU
		{DB1BCF99-E17A-4A45-8562-BB616F5DC2DD}.Debug|x86.ActiveCfg = Debug|Any CPU
		{DB1BCF99-E17A-4A45-8562-BB616F5DC2DD}.Release|Any CPU.ActiveCfg = Release|Any CPU
		{DB1BCF99-E17A-4A45-8562-BB616F5DC2DD}.Release|Any CPU.Build.0 = Release|Any CPU
		{DB1BCF99-E17A-4A45-8562-BB616F5DC2DD}.Release|Mixed Platforms.ActiveCfg = Release|Any CPU
		{DB1BCF99-E17A-4A45-8562-BB616F5DC2DD}.Release|Mixed Platforms.Build.0 = Release|Any CPU
		{DB1BCF99-E17A-4A45-8562-BB616F5DC2DD}.Release|x86.ActiveCfg = Release|Any CPU
		{D24BFFFF-168B-40E4-8F92-9631F39613BE}.Debug|Any CPU.ActiveCfg = Debug|Any CPU
		{D24BFFFF-168B-40E4-8F92-9631F39613BE}.Debug|Any CPU.Build.0 = Debug|Any CPU
		{D24BFFFF-168B-40E4-8F92-9631F39613BE}.Debug|Mixed Platforms.ActiveCfg = Debug|Any CPU
		{D24BFFFF-168B-40E4-8F92-9631F39613BE}.Debug|Mixed Platforms.Build.0 = Debug|Any CPU
		{D24BFFFF-168B-40E4-8F92-9631F39613BE}.Debug|x86.ActiveCfg = Debug|Any CPU
		{D24BFFFF-168B-40E4-8F92-9631F39613BE}.Release|Any CPU.ActiveCfg = Release|Any CPU
		{D24BFFFF-168B-40E4-8F92-9631F39613BE}.Release|Any CPU.Build.0 = Release|Any CPU
		{D24BFFFF-168B-40E4-8F92-9631F39613BE}.Release|Mixed Platforms.ActiveCfg = Release|Any CPU
		{D24BFFFF-168B-40E4-8F92-9631F39613BE}.Release|Mixed Platforms.Build.0 = Release|Any CPU
		{D24BFFFF-168B-40E4-8F92-9631F39613BE}.Release|x86.ActiveCfg = Release|Any CPU
		{05F5A2F4-F6E0-4074-BA70-A262C797CC88}.Debug|Any CPU.ActiveCfg = Debug|Any CPU
		{05F5A2F4-F6E0-4074-BA70-A262C797CC88}.Debug|Any CPU.Build.0 = Debug|Any CPU
		{05F5A2F4-F6E0-4074-BA70-A262C797CC88}.Debug|Mixed Platforms.ActiveCfg = Debug|Any CPU
		{05F5A2F4-F6E0-4074-BA70-A262C797CC88}.Debug|Mixed Platforms.Build.0 = Debug|Any CPU
		{05F5A2F4-F6E0-4074-BA70-A262C797CC88}.Debug|x86.ActiveCfg = Debug|Any CPU
		{05F5A2F4-F6E0-4074-BA70-A262C797CC88}.Release|Any CPU.ActiveCfg = Release|Any CPU
		{05F5A2F4-F6E0-4074-BA70-A262C797CC88}.Release|Any CPU.Build.0 = Release|Any CPU
		{05F5A2F4-F6E0-4074-BA70-A262C797CC88}.Release|Mixed Platforms.ActiveCfg = Release|Any CPU
		{05F5A2F4-F6E0-4074-BA70-A262C797CC88}.Release|Mixed Platforms.Build.0 = Release|Any CPU
		{05F5A2F4-F6E0-4074-BA70-A262C797CC88}.Release|x86.ActiveCfg = Release|Any CPU
		{FF5DF81B-3111-40D0-9357-BA0A10FDFC89}.Debug|Any CPU.ActiveCfg = Debug|Any CPU
		{FF5DF81B-3111-40D0-9357-BA0A10FDFC89}.Debug|Any CPU.Build.0 = Debug|Any CPU
		{FF5DF81B-3111-40D0-9357-BA0A10FDFC89}.Debug|Mixed Platforms.ActiveCfg = Debug|Any CPU
		{FF5DF81B-3111-40D0-9357-BA0A10FDFC89}.Debug|Mixed Platforms.Build.0 = Debug|Any CPU
		{FF5DF81B-3111-40D0-9357-BA0A10FDFC89}.Debug|x86.ActiveCfg = Debug|Any CPU
		{FF5DF81B-3111-40D0-9357-BA0A10FDFC89}.Release|Any CPU.ActiveCfg = Release|Any CPU
		{FF5DF81B-3111-40D0-9357-BA0A10FDFC89}.Release|Any CPU.Build.0 = Release|Any CPU
		{FF5DF81B-3111-40D0-9357-BA0A10FDFC89}.Release|Mixed Platforms.ActiveCfg = Release|Any CPU
		{FF5DF81B-3111-40D0-9357-BA0A10FDFC89}.Release|Mixed Platforms.Build.0 = Release|Any CPU
		{FF5DF81B-3111-40D0-9357-BA0A10FDFC89}.Release|x86.ActiveCfg = Release|Any CPU
		{514CD6ED-D4B7-4911-B186-741BB2C31AA1}.Debug|Any CPU.ActiveCfg = Debug|Any CPU
		{514CD6ED-D4B7-4911-B186-741BB2C31AA1}.Debug|Any CPU.Build.0 = Debug|Any CPU
		{514CD6ED-D4B7-4911-B186-741BB2C31AA1}.Debug|Mixed Platforms.ActiveCfg = Debug|Any CPU
		{514CD6ED-D4B7-4911-B186-741BB2C31AA1}.Debug|Mixed Platforms.Build.0 = Debug|Any CPU
		{514CD6ED-D4B7-4911-B186-741BB2C31AA1}.Debug|x86.ActiveCfg = Debug|Any CPU
		{514CD6ED-D4B7-4911-B186-741BB2C31AA1}.Release|Any CPU.ActiveCfg = Release|Any CPU
		{514CD6ED-D4B7-4911-B186-741BB2C31AA1}.Release|Any CPU.Build.0 = Release|Any CPU
		{514CD6ED-D4B7-4911-B186-741BB2C31AA1}.Release|Mixed Platforms.ActiveCfg = Release|Any CPU
		{514CD6ED-D4B7-4911-B186-741BB2C31AA1}.Release|Mixed Platforms.Build.0 = Release|Any CPU
		{514CD6ED-D4B7-4911-B186-741BB2C31AA1}.Release|x86.ActiveCfg = Release|Any CPU
		{76F80954-A86E-4C50-827F-266C2B3A4618}.Debug|Any CPU.ActiveCfg = Debug|x86
		{76F80954-A86E-4C50-827F-266C2B3A4618}.Debug|Mixed Platforms.ActiveCfg = Debug|x86
		{76F80954-A86E-4C50-827F-266C2B3A4618}.Debug|Mixed Platforms.Build.0 = Debug|x86
		{76F80954-A86E-4C50-827F-266C2B3A4618}.Debug|x86.ActiveCfg = Debug|x86
		{76F80954-A86E-4C50-827F-266C2B3A4618}.Debug|x86.Build.0 = Debug|x86
		{76F80954-A86E-4C50-827F-266C2B3A4618}.Release|Any CPU.ActiveCfg = Release|x86
		{76F80954-A86E-4C50-827F-266C2B3A4618}.Release|Mixed Platforms.ActiveCfg = Release|x86
		{76F80954-A86E-4C50-827F-266C2B3A4618}.Release|Mixed Platforms.Build.0 = Release|x86
		{76F80954-A86E-4C50-827F-266C2B3A4618}.Release|x86.ActiveCfg = Release|x86
		{76F80954-A86E-4C50-827F-266C2B3A4618}.Release|x86.Build.0 = Release|x86
		{A43525B7-3039-49BE-94BD-1FA7EBE6153A}.Debug|Any CPU.ActiveCfg = Debug|Any CPU
		{A43525B7-3039-49BE-94BD-1FA7EBE6153A}.Debug|Any CPU.Build.0 = Debug|Any CPU
		{A43525B7-3039-49BE-94BD-1FA7EBE6153A}.Debug|Mixed Platforms.ActiveCfg = Debug|Any CPU
		{A43525B7-3039-49BE-94BD-1FA7EBE6153A}.Debug|Mixed Platforms.Build.0 = Debug|Any CPU
		{A43525B7-3039-49BE-94BD-1FA7EBE6153A}.Debug|x86.ActiveCfg = Debug|Any CPU
		{A43525B7-3039-49BE-94BD-1FA7EBE6153A}.Release|Any CPU.ActiveCfg = Release|Any CPU
		{A43525B7-3039-49BE-94BD-1FA7EBE6153A}.Release|Any CPU.Build.0 = Release|Any CPU
		{A43525B7-3039-49BE-94BD-1FA7EBE6153A}.Release|Mixed Platforms.ActiveCfg = Release|Any CPU
		{A43525B7-3039-49BE-94BD-1FA7EBE6153A}.Release|Mixed Platforms.Build.0 = Release|Any CPU
		{A43525B7-3039-49BE-94BD-1FA7EBE6153A}.Release|x86.ActiveCfg = Release|Any CPU
		{D67B68C6-5081-49DA-9C09-F07F45A793DA}.Debug|Any CPU.ActiveCfg = Debug|Any CPU
		{D67B68C6-5081-49DA-9C09-F07F45A793DA}.Debug|Any CPU.Build.0 = Debug|Any CPU
		{D67B68C6-5081-49DA-9C09-F07F45A793DA}.Debug|Mixed Platforms.ActiveCfg = Debug|Any CPU
		{D67B68C6-5081-49DA-9C09-F07F45A793DA}.Debug|Mixed Platforms.Build.0 = Debug|Any CPU
		{D67B68C6-5081-49DA-9C09-F07F45A793DA}.Debug|x86.ActiveCfg = Debug|Any CPU
		{D67B68C6-5081-49DA-9C09-F07F45A793DA}.Release|Any CPU.ActiveCfg = Release|Any CPU
		{D67B68C6-5081-49DA-9C09-F07F45A793DA}.Release|Any CPU.Build.0 = Release|Any CPU
		{D67B68C6-5081-49DA-9C09-F07F45A793DA}.Release|Mixed Platforms.ActiveCfg = Release|Any CPU
		{D67B68C6-5081-49DA-9C09-F07F45A793DA}.Release|Mixed Platforms.Build.0 = Release|Any CPU
		{D67B68C6-5081-49DA-9C09-F07F45A793DA}.Release|x86.ActiveCfg = Release|Any CPU
		{DDD9F53B-0E35-4DB3-8392-5FFD725E96E5}.Debug|Any CPU.ActiveCfg = Debug|Any CPU
		{DDD9F53B-0E35-4DB3-8392-5FFD725E96E5}.Debug|Any CPU.Build.0 = Debug|Any CPU
		{DDD9F53B-0E35-4DB3-8392-5FFD725E96E5}.Debug|Mixed Platforms.ActiveCfg = Debug|Any CPU
		{DDD9F53B-0E35-4DB3-8392-5FFD725E96E5}.Debug|Mixed Platforms.Build.0 = Debug|Any CPU
		{DDD9F53B-0E35-4DB3-8392-5FFD725E96E5}.Debug|x86.ActiveCfg = Debug|Any CPU
		{DDD9F53B-0E35-4DB3-8392-5FFD725E96E5}.Release|Any CPU.ActiveCfg = Release|Any CPU
		{DDD9F53B-0E35-4DB3-8392-5FFD725E96E5}.Release|Any CPU.Build.0 = Release|Any CPU
		{DDD9F53B-0E35-4DB3-8392-5FFD725E96E5}.Release|Mixed Platforms.ActiveCfg = Release|Any CPU
		{DDD9F53B-0E35-4DB3-8392-5FFD725E96E5}.Release|Mixed Platforms.Build.0 = Release|Any CPU
		{DDD9F53B-0E35-4DB3-8392-5FFD725E96E5}.Release|x86.ActiveCfg = Release|Any CPU
		{B83F6779-BD87-4D43-98AA-CC0A50B1EDBA}.Debug|Any CPU.ActiveCfg = Debug|Any CPU
		{B83F6779-BD87-4D43-98AA-CC0A50B1EDBA}.Debug|Any CPU.Build.0 = Debug|Any CPU
		{B83F6779-BD87-4D43-98AA-CC0A50B1EDBA}.Debug|Mixed Platforms.ActiveCfg = Debug|Any CPU
		{B83F6779-BD87-4D43-98AA-CC0A50B1EDBA}.Debug|Mixed Platforms.Build.0 = Debug|Any CPU
		{B83F6779-BD87-4D43-98AA-CC0A50B1EDBA}.Debug|x86.ActiveCfg = Debug|Any CPU
		{B83F6779-BD87-4D43-98AA-CC0A50B1EDBA}.Release|Any CPU.ActiveCfg = Release|Any CPU
		{B83F6779-BD87-4D43-98AA-CC0A50B1EDBA}.Release|Any CPU.Build.0 = Release|Any CPU
		{B83F6779-BD87-4D43-98AA-CC0A50B1EDBA}.Release|Mixed Platforms.ActiveCfg = Release|Any CPU
		{B83F6779-BD87-4D43-98AA-CC0A50B1EDBA}.Release|Mixed Platforms.Build.0 = Release|Any CPU
		{B83F6779-BD87-4D43-98AA-CC0A50B1EDBA}.Release|x86.ActiveCfg = Release|Any CPU
		{5DB9EE5C-5CD7-4CFD-9285-93FE96DE1470}.Debug|Any CPU.ActiveCfg = Debug|Any CPU
		{5DB9EE5C-5CD7-4CFD-9285-93FE96DE1470}.Debug|Any CPU.Build.0 = Debug|Any CPU
		{5DB9EE5C-5CD7-4CFD-9285-93FE96DE1470}.Debug|Mixed Platforms.ActiveCfg = Debug|Any CPU
		{5DB9EE5C-5CD7-4CFD-9285-93FE96DE1470}.Debug|Mixed Platforms.Build.0 = Debug|Any CPU
		{5DB9EE5C-5CD7-4CFD-9285-93FE96DE1470}.Debug|x86.ActiveCfg = Debug|Any CPU
		{5DB9EE5C-5CD7-4CFD-9285-93FE96DE1470}.Release|Any CPU.ActiveCfg = Release|Any CPU
		{5DB9EE5C-5CD7-4CFD-9285-93FE96DE1470}.Release|Any CPU.Build.0 = Release|Any CPU
		{5DB9EE5C-5CD7-4CFD-9285-93FE96DE1470}.Release|Mixed Platforms.ActiveCfg = Release|Any CPU
		{5DB9EE5C-5CD7-4CFD-9285-93FE96DE1470}.Release|Mixed Platforms.Build.0 = Release|Any CPU
		{5DB9EE5C-5CD7-4CFD-9285-93FE96DE1470}.Release|x86.ActiveCfg = Release|Any CPU
		{70718821-28D7-4EE8-B3DC-B57E6108D43C}.Debug|Any CPU.ActiveCfg = Debug|Any CPU
		{70718821-28D7-4EE8-B3DC-B57E6108D43C}.Debug|Any CPU.Build.0 = Debug|Any CPU
		{70718821-28D7-4EE8-B3DC-B57E6108D43C}.Debug|Mixed Platforms.ActiveCfg = Debug|Any CPU
		{70718821-28D7-4EE8-B3DC-B57E6108D43C}.Debug|Mixed Platforms.Build.0 = Debug|Any CPU
		{70718821-28D7-4EE8-B3DC-B57E6108D43C}.Debug|x86.ActiveCfg = Debug|Any CPU
		{70718821-28D7-4EE8-B3DC-B57E6108D43C}.Release|Any CPU.ActiveCfg = Release|Any CPU
		{70718821-28D7-4EE8-B3DC-B57E6108D43C}.Release|Any CPU.Build.0 = Release|Any CPU
		{70718821-28D7-4EE8-B3DC-B57E6108D43C}.Release|Mixed Platforms.ActiveCfg = Release|Any CPU
		{70718821-28D7-4EE8-B3DC-B57E6108D43C}.Release|Mixed Platforms.Build.0 = Release|Any CPU
		{70718821-28D7-4EE8-B3DC-B57E6108D43C}.Release|x86.ActiveCfg = Release|Any CPU
		{D5D17ED0-0671-4773-AE69-13238E950A65}.Debug|Any CPU.ActiveCfg = Debug|Any CPU
		{D5D17ED0-0671-4773-AE69-13238E950A65}.Debug|Any CPU.Build.0 = Debug|Any CPU
		{D5D17ED0-0671-4773-AE69-13238E950A65}.Debug|Mixed Platforms.ActiveCfg = Debug|Any CPU
		{D5D17ED0-0671-4773-AE69-13238E950A65}.Debug|Mixed Platforms.Build.0 = Debug|Any CPU
		{D5D17ED0-0671-4773-AE69-13238E950A65}.Debug|x86.ActiveCfg = Debug|Any CPU
		{D5D17ED0-0671-4773-AE69-13238E950A65}.Release|Any CPU.ActiveCfg = Release|Any CPU
		{D5D17ED0-0671-4773-AE69-13238E950A65}.Release|Any CPU.Build.0 = Release|Any CPU
		{D5D17ED0-0671-4773-AE69-13238E950A65}.Release|Mixed Platforms.ActiveCfg = Release|Any CPU
		{D5D17ED0-0671-4773-AE69-13238E950A65}.Release|Mixed Platforms.Build.0 = Release|Any CPU
		{D5D17ED0-0671-4773-AE69-13238E950A65}.Release|x86.ActiveCfg = Release|Any CPU
		{1AABC858-03B1-4A9F-A7BB-A5AFEED85626}.Debug|Any CPU.ActiveCfg = Debug|Any CPU
		{1AABC858-03B1-4A9F-A7BB-A5AFEED85626}.Debug|Any CPU.Build.0 = Debug|Any CPU
		{1AABC858-03B1-4A9F-A7BB-A5AFEED85626}.Debug|Mixed Platforms.ActiveCfg = Debug|Any CPU
		{1AABC858-03B1-4A9F-A7BB-A5AFEED85626}.Debug|Mixed Platforms.Build.0 = Debug|Any CPU
		{1AABC858-03B1-4A9F-A7BB-A5AFEED85626}.Debug|x86.ActiveCfg = Debug|Any CPU
		{1AABC858-03B1-4A9F-A7BB-A5AFEED85626}.Release|Any CPU.ActiveCfg = Release|Any CPU
		{1AABC858-03B1-4A9F-A7BB-A5AFEED85626}.Release|Any CPU.Build.0 = Release|Any CPU
		{1AABC858-03B1-4A9F-A7BB-A5AFEED85626}.Release|Mixed Platforms.ActiveCfg = Release|Any CPU
		{1AABC858-03B1-4A9F-A7BB-A5AFEED85626}.Release|Mixed Platforms.Build.0 = Release|Any CPU
		{1AABC858-03B1-4A9F-A7BB-A5AFEED85626}.Release|x86.ActiveCfg = Release|Any CPU
		{A5CFB545-A0F3-49FF-AD30-521A3FCC0420}.Debug|Any CPU.ActiveCfg = Debug|Any CPU
		{A5CFB545-A0F3-49FF-AD30-521A3FCC0420}.Debug|Any CPU.Build.0 = Debug|Any CPU
		{A5CFB545-A0F3-49FF-AD30-521A3FCC0420}.Debug|Mixed Platforms.ActiveCfg = Debug|Any CPU
		{A5CFB545-A0F3-49FF-AD30-521A3FCC0420}.Debug|Mixed Platforms.Build.0 = Debug|Any CPU
		{A5CFB545-A0F3-49FF-AD30-521A3FCC0420}.Debug|x86.ActiveCfg = Debug|Any CPU
		{A5CFB545-A0F3-49FF-AD30-521A3FCC0420}.Release|Any CPU.ActiveCfg = Release|Any CPU
		{A5CFB545-A0F3-49FF-AD30-521A3FCC0420}.Release|Any CPU.Build.0 = Release|Any CPU
		{A5CFB545-A0F3-49FF-AD30-521A3FCC0420}.Release|Mixed Platforms.ActiveCfg = Release|Any CPU
		{A5CFB545-A0F3-49FF-AD30-521A3FCC0420}.Release|Mixed Platforms.Build.0 = Release|Any CPU
		{A5CFB545-A0F3-49FF-AD30-521A3FCC0420}.Release|x86.ActiveCfg = Release|Any CPU
		{5AC8BB17-E4DB-456B-8A34-E9E7A7F89917}.Debug|Any CPU.ActiveCfg = Debug|Any CPU
		{5AC8BB17-E4DB-456B-8A34-E9E7A7F89917}.Debug|Any CPU.Build.0 = Debug|Any CPU
		{5AC8BB17-E4DB-456B-8A34-E9E7A7F89917}.Debug|Mixed Platforms.ActiveCfg = Debug|Any CPU
		{5AC8BB17-E4DB-456B-8A34-E9E7A7F89917}.Debug|Mixed Platforms.Build.0 = Debug|Any CPU
		{5AC8BB17-E4DB-456B-8A34-E9E7A7F89917}.Debug|x86.ActiveCfg = Debug|Any CPU
		{5AC8BB17-E4DB-456B-8A34-E9E7A7F89917}.Release|Any CPU.ActiveCfg = Release|Any CPU
		{5AC8BB17-E4DB-456B-8A34-E9E7A7F89917}.Release|Any CPU.Build.0 = Release|Any CPU
		{5AC8BB17-E4DB-456B-8A34-E9E7A7F89917}.Release|Mixed Platforms.ActiveCfg = Release|Any CPU
		{5AC8BB17-E4DB-456B-8A34-E9E7A7F89917}.Release|Mixed Platforms.Build.0 = Release|Any CPU
		{5AC8BB17-E4DB-456B-8A34-E9E7A7F89917}.Release|x86.ActiveCfg = Release|Any CPU
		{C4CFD7F3-7E97-4C2C-B272-92B478E890E0}.Debug|Any CPU.ActiveCfg = Debug|Any CPU
		{C4CFD7F3-7E97-4C2C-B272-92B478E890E0}.Debug|Any CPU.Build.0 = Debug|Any CPU
		{C4CFD7F3-7E97-4C2C-B272-92B478E890E0}.Debug|Mixed Platforms.ActiveCfg = Debug|Any CPU
		{C4CFD7F3-7E97-4C2C-B272-92B478E890E0}.Debug|Mixed Platforms.Build.0 = Debug|Any CPU
		{C4CFD7F3-7E97-4C2C-B272-92B478E890E0}.Debug|x86.ActiveCfg = Debug|Any CPU
		{C4CFD7F3-7E97-4C2C-B272-92B478E890E0}.Release|Any CPU.ActiveCfg = Release|Any CPU
		{C4CFD7F3-7E97-4C2C-B272-92B478E890E0}.Release|Any CPU.Build.0 = Release|Any CPU
		{C4CFD7F3-7E97-4C2C-B272-92B478E890E0}.Release|Mixed Platforms.ActiveCfg = Release|Any CPU
		{C4CFD7F3-7E97-4C2C-B272-92B478E890E0}.Release|Mixed Platforms.Build.0 = Release|Any CPU
		{C4CFD7F3-7E97-4C2C-B272-92B478E890E0}.Release|x86.ActiveCfg = Release|Any CPU
		{5682FDDD-A756-4A77-907D-86B7EA78E738}.Debug|Any CPU.ActiveCfg = Debug|Any CPU
		{5682FDDD-A756-4A77-907D-86B7EA78E738}.Debug|Any CPU.Build.0 = Debug|Any CPU
		{5682FDDD-A756-4A77-907D-86B7EA78E738}.Debug|Mixed Platforms.ActiveCfg = Debug|Any CPU
		{5682FDDD-A756-4A77-907D-86B7EA78E738}.Debug|Mixed Platforms.Build.0 = Debug|Any CPU
		{5682FDDD-A756-4A77-907D-86B7EA78E738}.Debug|x86.ActiveCfg = Debug|Any CPU
		{5682FDDD-A756-4A77-907D-86B7EA78E738}.Release|Any CPU.ActiveCfg = Release|Any CPU
		{5682FDDD-A756-4A77-907D-86B7EA78E738}.Release|Any CPU.Build.0 = Release|Any CPU
		{5682FDDD-A756-4A77-907D-86B7EA78E738}.Release|Mixed Platforms.ActiveCfg = Release|Any CPU
		{5682FDDD-A756-4A77-907D-86B7EA78E738}.Release|Mixed Platforms.Build.0 = Release|Any CPU
		{5682FDDD-A756-4A77-907D-86B7EA78E738}.Release|x86.ActiveCfg = Release|Any CPU
	EndGlobalSection
	GlobalSection(SolutionProperties) = preSolution
		HideSolutionNode = FALSE
	EndGlobalSection
	GlobalSection(NestedProjects) = preSolution
		{4E78985A-DCC0-4BDC-891C-FA8C190F03B5} = {B4F6A2F3-CB88-4BAA-AD38-CA7FFEEC162C}
		{8D696161-119F-48FE-AB4B-7F197F3A3D29} = {B4F6A2F3-CB88-4BAA-AD38-CA7FFEEC162C}
		{76F80954-A86E-4C50-827F-266C2B3A4618} = {0A5D4C3D-A6E9-4CDC-A847-98E3A387F4C7}
		{E539C2A0-C51A-4C41-A0A7-D9CC47E74C72} = {B9F877AA-A4AC-4C08-96A2-27ECE6C3E393}
		{8F63E254-2DD8-4DF7-A680-EC7D30B2390D} = {B9F877AA-A4AC-4C08-96A2-27ECE6C3E393}
		{072637B0-E6C9-4B51-8B8D-AED3AA4B1012} = {B9F877AA-A4AC-4C08-96A2-27ECE6C3E393}
		{C578C0E2-4A27-4748-8C6B-EE6E318A1198} = {B9F877AA-A4AC-4C08-96A2-27ECE6C3E393}
		{741147A3-C520-4ABA-9835-C02A870D7996} = {B9F877AA-A4AC-4C08-96A2-27ECE6C3E393}
		{38CF974F-8E39-4294-80F3-F608C7F01C27} = {B9F877AA-A4AC-4C08-96A2-27ECE6C3E393}
		{3D1FBE6E-084A-4F78-BFF4-D6B1F7B6F779} = {4E78985A-DCC0-4BDC-891C-FA8C190F03B5}
		{9CEEA343-F0BD-4410-870D-CEA516FAEE74} = {4E78985A-DCC0-4BDC-891C-FA8C190F03B5}
		{CE1B9A5F-7436-423C-92E6-C3B09D219352} = {4E78985A-DCC0-4BDC-891C-FA8C190F03B5}
		{DB1BCF99-E17A-4A45-8562-BB616F5DC2DD} = {4E78985A-DCC0-4BDC-891C-FA8C190F03B5}
		{D24BFFFF-168B-40E4-8F92-9631F39613BE} = {4E78985A-DCC0-4BDC-891C-FA8C190F03B5}
		{05F5A2F4-F6E0-4074-BA70-A262C797CC88} = {4E78985A-DCC0-4BDC-891C-FA8C190F03B5}
		{FF5DF81B-3111-40D0-9357-BA0A10FDFC89} = {4E78985A-DCC0-4BDC-891C-FA8C190F03B5}
		{514CD6ED-D4B7-4911-B186-741BB2C31AA1} = {4E78985A-DCC0-4BDC-891C-FA8C190F03B5}
		{A43525B7-3039-49BE-94BD-1FA7EBE6153A} = {4E78985A-DCC0-4BDC-891C-FA8C190F03B5}
		{A5CFB545-A0F3-49FF-AD30-521A3FCC0420} = {4E78985A-DCC0-4BDC-891C-FA8C190F03B5}
		{FDBEEDB1-146C-4F69-9867-F198E082D9FB} = {8D696161-119F-48FE-AB4B-7F197F3A3D29}
		{70718821-28D7-4EE8-B3DC-B57E6108D43C} = {E539C2A0-C51A-4C41-A0A7-D9CC47E74C72}
		{D5D17ED0-0671-4773-AE69-13238E950A65} = {E539C2A0-C51A-4C41-A0A7-D9CC47E74C72}
		{1AABC858-03B1-4A9F-A7BB-A5AFEED85626} = {E539C2A0-C51A-4C41-A0A7-D9CC47E74C72}
		{5DB9EE5C-5CD7-4CFD-9285-93FE96DE1470} = {8F63E254-2DD8-4DF7-A680-EC7D30B2390D}
		{DDD9F53B-0E35-4DB3-8392-5FFD725E96E5} = {072637B0-E6C9-4B51-8B8D-AED3AA4B1012}
		{5682FDDD-A756-4A77-907D-86B7EA78E738} = {072637B0-E6C9-4B51-8B8D-AED3AA4B1012}
		{D67B68C6-5081-49DA-9C09-F07F45A793DA} = {C578C0E2-4A27-4748-8C6B-EE6E318A1198}
		{5AC8BB17-E4DB-456B-8A34-E9E7A7F89917} = {C578C0E2-4A27-4748-8C6B-EE6E318A1198}
		{B83F6779-BD87-4D43-98AA-CC0A50B1EDBA} = {741147A3-C520-4ABA-9835-C02A870D7996}
		{C4CFD7F3-7E97-4C2C-B272-92B478E890E0} = {38CF974F-8E39-4294-80F3-F608C7F01C27}
	EndGlobalSection
EndGlobal
